// !$*UTF8*$!
{
	archiveVersion = 1;
	classes = {
	};
	objectVersion = 56;
	objects = {

/* Begin PBXBuildFile section */
		DE020E8A2901412C00F8D67D /* StudentsAppView.swift in Sources */ = {isa = PBXBuildFile; fileRef = DE020E892901412C00F8D67D /* StudentsAppView.swift */; };
		DE020E8F2901416400F8D67D /* DataController.swift in Sources */ = {isa = PBXBuildFile; fileRef = DE020E8E2901416400F8D67D /* DataController.swift */; };
		DE020E95290157A100F8D67D /* ProjectLibrary.xcdatamodeld in Sources */ = {isa = PBXBuildFile; fileRef = DE020E93290157A000F8D67D /* ProjectLibrary.xcdatamodeld */; };
		DE020E992901588100F8D67D /* AddBookView.swift in Sources */ = {isa = PBXBuildFile; fileRef = DE020E982901588100F8D67D /* AddBookView.swift */; };
		DE020E9B29015DDA00F8D67D /* BookwormAppView.swift in Sources */ = {isa = PBXBuildFile; fileRef = DE020E9A29015DDA00F8D67D /* BookwormAppView.swift */; };
		DE020E9D2901634300F8D67D /* RatingView.swift in Sources */ = {isa = PBXBuildFile; fileRef = DE020E9C2901634300F8D67D /* RatingView.swift */; };
		DE020E9F290166D300F8D67D /* EmojiRatingView.swift in Sources */ = {isa = PBXBuildFile; fileRef = DE020E9E290166D300F8D67D /* EmojiRatingView.swift */; };
		DE020EA12901691000F8D67D /* BookDetailView.swift in Sources */ = {isa = PBXBuildFile; fileRef = DE020EA02901691000F8D67D /* BookDetailView.swift */; };
		DE020EA32901836B00F8D67D /* BookwormViewModel.swift in Sources */ = {isa = PBXBuildFile; fileRef = DE020EA22901836B00F8D67D /* BookwormViewModel.swift */; };
		DE0696B328FD5AC50071EA9F /* DrawingAppView.swift in Sources */ = {isa = PBXBuildFile; fileRef = DE0696B228FD5AC50071EA9F /* DrawingAppView.swift */; };
		DE0696B528FDABEF0071EA9F /* Spirograph.swift in Sources */ = {isa = PBXBuildFile; fileRef = DE0696B428FDABEF0071EA9F /* Spirograph.swift */; };
		DE0696BA28FDACB50071EA9F /* SpirographView.swift in Sources */ = {isa = PBXBuildFile; fileRef = DE0696B928FDACB50071EA9F /* SpirographView.swift */; };
		DE0E647D28EDD96D00E916D2 /* ViewsModifierView.swift in Sources */ = {isa = PBXBuildFile; fileRef = DE0E647C28EDD96D00E916D2 /* ViewsModifierView.swift */; };
		DE0E648228EEE67600E916D2 /* BetterRestView.swift in Sources */ = {isa = PBXBuildFile; fileRef = DE0E648128EEE67600E916D2 /* BetterRestView.swift */; };
		DE0E648C28EF271500E916D2 /* SleepCalculator.mlmodel in Sources */ = {isa = PBXBuildFile; fileRef = DE0E648B28EF271500E916D2 /* SleepCalculator.mlmodel */; };
		DE0E649128EF604F00E916D2 /* BetterRestMLViewModel.swift in Sources */ = {isa = PBXBuildFile; fileRef = DE0E649028EF604F00E916D2 /* BetterRestMLViewModel.swift */; };
		DE0E649328F01F9000E916D2 /* GridViewModel.swift in Sources */ = {isa = PBXBuildFile; fileRef = DE0E649228F01F9000E916D2 /* GridViewModel.swift */; };
		DE211A4F28FC1C1500B5F97B /* GridLayoutView.swift in Sources */ = {isa = PBXBuildFile; fileRef = DE211A4E28FC1C1500B5F97B /* GridLayoutView.swift */; };
		DE211A5128FC1CFA00B5F97B /* ListLayoutView.swift in Sources */ = {isa = PBXBuildFile; fileRef = DE211A5028FC1CFA00B5F97B /* ListLayoutView.swift */; };
		DE305EB928F03FA8002FD76F /* CalculatorViewModel.swift in Sources */ = {isa = PBXBuildFile; fileRef = DE305EB828F03FA8002FD76F /* CalculatorViewModel.swift */; };
		DE305EBB28F04137002FD76F /* URLLinkViewModifier.swift in Sources */ = {isa = PBXBuildFile; fileRef = DE305EBA28F04137002FD76F /* URLLinkViewModifier.swift */; };
		DE305EBE28F04AC2002FD76F /* IVAModel.swift in Sources */ = {isa = PBXBuildFile; fileRef = DE305EBD28F04AC2002FD76F /* IVAModel.swift */; };
		DE305EC028F04D7E002FD76F /* TipModel.swift in Sources */ = {isa = PBXBuildFile; fileRef = DE305EBF28F04D7E002FD76F /* TipModel.swift */; };
		DE305EC528F05D11002FD76F /* FlagModel.swift in Sources */ = {isa = PBXBuildFile; fileRef = DE305EC428F05D11002FD76F /* FlagModel.swift */; };
		DE305EC728F05FDB002FD76F /* GuessViewModel.swift in Sources */ = {isa = PBXBuildFile; fileRef = DE305EC628F05FDB002FD76F /* GuessViewModel.swift */; };
		DE321EBD28E72B97006A74E0 /* ProjectListView.swift in Sources */ = {isa = PBXBuildFile; fileRef = DE321EBC28E72B97006A74E0 /* ProjectListView.swift */; };
		DE321EBF28E72C60006A74E0 /* HomeView.swift in Sources */ = {isa = PBXBuildFile; fileRef = DE321EBE28E72C60006A74E0 /* HomeView.swift */; };
		DE321EC328E7465D006A74E0 /* WeSplitProjectView.swift in Sources */ = {isa = PBXBuildFile; fileRef = DE321EC228E7465D006A74E0 /* WeSplitProjectView.swift */; };
		DE321EDA28EB42FC006A74E0 /* GuessTheFlagView.swift in Sources */ = {isa = PBXBuildFile; fileRef = DE321ED928EB42FC006A74E0 /* GuessTheFlagView.swift */; };
		DE321EDE28EB441D006A74E0 /* FlagGameView.swift in Sources */ = {isa = PBXBuildFile; fileRef = DE321EDD28EB441D006A74E0 /* FlagGameView.swift */; };
		DE6F065028F42996003AEE6F /* ClassifierQuestionView.swift in Sources */ = {isa = PBXBuildFile; fileRef = DE6F064F28F42996003AEE6F /* ClassifierQuestionView.swift */; };
		DE6F065628F585EE003AEE6F /* WordScrambleView.swift in Sources */ = {isa = PBXBuildFile; fileRef = DE6F065528F585EE003AEE6F /* WordScrambleView.swift */; };
		DE6F065828F5870D003AEE6F /* WordViewModel.swift in Sources */ = {isa = PBXBuildFile; fileRef = DE6F065728F5870D003AEE6F /* WordViewModel.swift */; };
		DE6F065A28F59165003AEE6F /* start.txt in Resources */ = {isa = PBXBuildFile; fileRef = DE6F065928F59165003AEE6F /* start.txt */; };
		DE6F065F28F6BCC7003AEE6F /* ScrambleGameView.swift in Sources */ = {isa = PBXBuildFile; fileRef = DE6F065E28F6BCC7003AEE6F /* ScrambleGameView.swift */; };
		DE6F066228F714ED003AEE6F /* AnimationProjectView.swift in Sources */ = {isa = PBXBuildFile; fileRef = DE6F066128F714ED003AEE6F /* AnimationProjectView.swift */; };
		DE6F066628F72C56003AEE6F /* CornerRotateModifier.swift in Sources */ = {isa = PBXBuildFile; fileRef = DE6F066528F72C56003AEE6F /* CornerRotateModifier.swift */; };
		DE6F066828F7468E003AEE6F /* TransitionAnimationView.swift in Sources */ = {isa = PBXBuildFile; fileRef = DE6F066728F7468E003AEE6F /* TransitionAnimationView.swift */; };
		DE6F066A28F74C4A003AEE6F /* SnakAnimationView.swift in Sources */ = {isa = PBXBuildFile; fileRef = DE6F066928F74C4A003AEE6F /* SnakAnimationView.swift */; };
		DE6F066C28F74D63003AEE6F /* CornerAnimationView.swift in Sources */ = {isa = PBXBuildFile; fileRef = DE6F066B28F74D63003AEE6F /* CornerAnimationView.swift */; };
		DE6F066E28F755C8003AEE6F /* CircleAnimationView.swift in Sources */ = {isa = PBXBuildFile; fileRef = DE6F066D28F755C8003AEE6F /* CircleAnimationView.swift */; };
		DE6F067028F75859003AEE6F /* ScaleEffectAnimationView.swift in Sources */ = {isa = PBXBuildFile; fileRef = DE6F066F28F75859003AEE6F /* ScaleEffectAnimationView.swift */; };
		DE6F067228F75957003AEE6F /* DragAnimationModifier.swift in Sources */ = {isa = PBXBuildFile; fileRef = DE6F067128F75957003AEE6F /* DragAnimationModifier.swift */; };
		DE6F067428F8090D003AEE6F /* Rotation360Modifier.swift in Sources */ = {isa = PBXBuildFile; fileRef = DE6F067328F8090D003AEE6F /* Rotation360Modifier.swift */; };
		DE6F067728F87D89003AEE6F /* ExpenseItem.swift in Sources */ = {isa = PBXBuildFile; fileRef = DE6F067628F87D89003AEE6F /* ExpenseItem.swift */; };
		DE6F067928F87DBA003AEE6F /* Expenses.swift in Sources */ = {isa = PBXBuildFile; fileRef = DE6F067828F87DBA003AEE6F /* Expenses.swift */; };
		DE6F067B28F87E43003AEE6F /* ExpenseManagerView.swift in Sources */ = {isa = PBXBuildFile; fileRef = DE6F067A28F87E43003AEE6F /* ExpenseManagerView.swift */; };
		DE6F067D28F882C9003AEE6F /* AddView.swift in Sources */ = {isa = PBXBuildFile; fileRef = DE6F067C28F882C9003AEE6F /* AddView.swift */; };
		DE6F068028F96319003AEE6F /* MoonshotAppView.swift in Sources */ = {isa = PBXBuildFile; fileRef = DE6F067F28F96319003AEE6F /* MoonshotAppView.swift */; };
		DE6F068328F96349003AEE6F /* astronauts.json in Resources */ = {isa = PBXBuildFile; fileRef = DE6F068128F96349003AEE6F /* astronauts.json */; };
		DE6F068428F96349003AEE6F /* missions.json in Resources */ = {isa = PBXBuildFile; fileRef = DE6F068228F96349003AEE6F /* missions.json */; };
		DE6F068628F9640B003AEE6F /* Astronauts.swift in Sources */ = {isa = PBXBuildFile; fileRef = DE6F068528F9640B003AEE6F /* Astronauts.swift */; };
		DE6F068828F9682F003AEE6F /* Bundle_Decodable.swift in Sources */ = {isa = PBXBuildFile; fileRef = DE6F068728F9682F003AEE6F /* Bundle_Decodable.swift */; };
		DE6F068A28F96C79003AEE6F /* Mission.swift in Sources */ = {isa = PBXBuildFile; fileRef = DE6F068928F96C79003AEE6F /* Mission.swift */; };
		DE6F068D28FB0B91003AEE6F /* Color-Theme.swift in Sources */ = {isa = PBXBuildFile; fileRef = DE6F068C28FB0B91003AEE6F /* Color-Theme.swift */; };
		DE6F068F28FB0E4A003AEE6F /* MissionView.swift in Sources */ = {isa = PBXBuildFile; fileRef = DE6F068E28FB0E4A003AEE6F /* MissionView.swift */; };
		DE6F069428FB1BE4003AEE6F /* AstronautView.swift in Sources */ = {isa = PBXBuildFile; fileRef = DE6F069328FB1BE4003AEE6F /* AstronautView.swift */; };
		DE6F069928FB2E8D003AEE6F /* CrewView.swift in Sources */ = {isa = PBXBuildFile; fileRef = DE6F069828FB2E8D003AEE6F /* CrewView.swift */; };
		DE6F069B28FB303F003AEE6F /* CrewRole.swift in Sources */ = {isa = PBXBuildFile; fileRef = DE6F069A28FB303F003AEE6F /* CrewRole.swift */; };
		DE6F069D28FB3181003AEE6F /* MissionViewModel.swift in Sources */ = {isa = PBXBuildFile; fileRef = DE6F069C28FB3181003AEE6F /* MissionViewModel.swift */; };
		DE6F06A028FB401F003AEE6F /* CrewMember.swift in Sources */ = {isa = PBXBuildFile; fileRef = DE6F069F28FB401F003AEE6F /* CrewMember.swift */; };
		DE6F06A228FB43A5003AEE6F /* SeparatorComponent.swift in Sources */ = {isa = PBXBuildFile; fileRef = DE6F06A128FB43A5003AEE6F /* SeparatorComponent.swift */; };
		DE764C6B28E6324E00ADE5B6 /* ProjectLibraryApp.swift in Sources */ = {isa = PBXBuildFile; fileRef = DE764C6A28E6324E00ADE5B6 /* ProjectLibraryApp.swift */; };
		DE764C6F28E6324F00ADE5B6 /* Assets.xcassets in Resources */ = {isa = PBXBuildFile; fileRef = DE764C6E28E6324F00ADE5B6 /* Assets.xcassets */; };
		DE764C7228E6324F00ADE5B6 /* Preview Assets.xcassets in Resources */ = {isa = PBXBuildFile; fileRef = DE764C7128E6324F00ADE5B6 /* Preview Assets.xcassets */; };
		DE764C8328E6329300ADE5B6 /* ArticleView.swift in Sources */ = {isa = PBXBuildFile; fileRef = DE764C7928E6329300ADE5B6 /* ArticleView.swift */; };
		DE764C8428E6329300ADE5B6 /* Articles_Tab_View.swift in Sources */ = {isa = PBXBuildFile; fileRef = DE764C7A28E6329300ADE5B6 /* Articles_Tab_View.swift */; };
		DE764C8628E6329300ADE5B6 /* Articles_Table_View.swift in Sources */ = {isa = PBXBuildFile; fileRef = DE764C7C28E6329300ADE5B6 /* Articles_Table_View.swift */; };
		DE764C8728E6329300ADE5B6 /* ListRowView.swift in Sources */ = {isa = PBXBuildFile; fileRef = DE764C7D28E6329300ADE5B6 /* ListRowView.swift */; };
		DE764C8828E6329300ADE5B6 /* ClimateArticlesView.swift in Sources */ = {isa = PBXBuildFile; fileRef = DE764C7E28E6329300ADE5B6 /* ClimateArticlesView.swift */; };
		DE764C8928E6329300ADE5B6 /* ArticleListViewModel.swift in Sources */ = {isa = PBXBuildFile; fileRef = DE764C8028E6329300ADE5B6 /* ArticleListViewModel.swift */; };
		DE764C8A28E6329300ADE5B6 /* Article.swift in Sources */ = {isa = PBXBuildFile; fileRef = DE764C8228E6329300ADE5B6 /* Article.swift */; };
		DEAFB0CA290947B20082DA5D /* ImagePickerService.swift in Sources */ = {isa = PBXBuildFile; fileRef = DEAFB0C9290947B20082DA5D /* ImagePickerService.swift */; };
		DEAFB0D0290A77AA0082DA5D /* User.swift in Sources */ = {isa = PBXBuildFile; fileRef = DEAFB0CF290A77AA0082DA5D /* User.swift */; };
		DEAFB0D2290A77DD0082DA5D /* ListViewModel.swift in Sources */ = {isa = PBXBuildFile; fileRef = DEAFB0D1290A77DD0082DA5D /* ListViewModel.swift */; };
		DEAFB0D4290A78650082DA5D /* BucketListAppView.swift in Sources */ = {isa = PBXBuildFile; fileRef = DEAFB0D3290A78650082DA5D /* BucketListAppView.swift */; };
		DEAFB0D6290AA1070082DA5D /* MapView.swift in Sources */ = {isa = PBXBuildFile; fileRef = DEAFB0D5290AA1070082DA5D /* MapView.swift */; };
		DEAFB0D8290AA7D50082DA5D /* Location.swift in Sources */ = {isa = PBXBuildFile; fileRef = DEAFB0D7290AA7D50082DA5D /* Location.swift */; };
		DEAFB0DA290AAA390082DA5D /* LocationView.swift in Sources */ = {isa = PBXBuildFile; fileRef = DEAFB0D9290AAA390082DA5D /* LocationView.swift */; };
		DEAFB0DC290AB8F40082DA5D /* Result.swift in Sources */ = {isa = PBXBuildFile; fileRef = DEAFB0DB290AB8F40082DA5D /* Result.swift */; };
		DEAFB0DF290BCFB90082DA5D /* VoiceOverAppView.swift in Sources */ = {isa = PBXBuildFile; fileRef = DEAFB0DE290BCFB90082DA5D /* VoiceOverAppView.swift */; };
		DEAFB0E1290BECF90082DA5D /* FileManager.swift in Sources */ = {isa = PBXBuildFile; fileRef = DEAFB0E0290BECF90082DA5D /* FileManager.swift */; };
		DEAFB0E3290BF4AA0082DA5D /* NewUserView.swift in Sources */ = {isa = PBXBuildFile; fileRef = DEAFB0E2290BF4AA0082DA5D /* NewUserView.swift */; };
		DEB3DB0228F0914600B75DD1 /* View.swift in Sources */ = {isa = PBXBuildFile; fileRef = DEB3DB0128F0914600B75DD1 /* View.swift */; };
		DEB3DB0428F096E000B75DD1 /* ClassifierViewModel.swift in Sources */ = {isa = PBXBuildFile; fileRef = DEB3DB0328F096E000B75DD1 /* ClassifierViewModel.swift */; };
		DEB3DB0928F0B90100B75DD1 /* ResultViewModel.swift in Sources */ = {isa = PBXBuildFile; fileRef = DEB3DB0828F0B90100B75DD1 /* ResultViewModel.swift */; };
		DEB3DB0B28F0CD1400B75DD1 /* ResultView.swift in Sources */ = {isa = PBXBuildFile; fileRef = DEB3DB0A28F0CD1400B75DD1 /* ResultView.swift */; };
		DEB3DB1328F0E00300B75DD1 /* AnimalClassifier.mlpackage in Sources */ = {isa = PBXBuildFile; fileRef = DEB3DB1228F0E00300B75DD1 /* AnimalClassifier.mlpackage */; };
		DEB3DB1528F41E3900B75DD1 /* AnimalClassifierView.swift in Sources */ = {isa = PBXBuildFile; fileRef = DEB3DB1428F41E3900B75DD1 /* AnimalClassifierView.swift */; };
		DEC245AF29069C2A0035B9CA /* CoreDataAppView.swift in Sources */ = {isa = PBXBuildFile; fileRef = DEC245AE29069C2A0035B9CA /* CoreDataAppView.swift */; };
		DEC245BB2906F8260035B9CA /* FilteredListView.swift in Sources */ = {isa = PBXBuildFile; fileRef = DEC245BA2906F8260035B9CA /* FilteredListView.swift */; };
		DEC245BD2906FB4A0035B9CA /* MovieRowView.swift in Sources */ = {isa = PBXBuildFile; fileRef = DEC245BC2906FB4A0035B9CA /* MovieRowView.swift */; };
		DEC245C229070E000035B9CA /* Actor+CoreDataClass.swift in Sources */ = {isa = PBXBuildFile; fileRef = DEC245C029070E000035B9CA /* Actor+CoreDataClass.swift */; };
		DEC245C329070E000035B9CA /* Actor+CoreDataProperties.swift in Sources */ = {isa = PBXBuildFile; fileRef = DEC245C129070E000035B9CA /* Actor+CoreDataProperties.swift */; };
		DEC245C629070E3C0035B9CA /* Movie+CoreDataClass.swift in Sources */ = {isa = PBXBuildFile; fileRef = DEC245C429070E3C0035B9CA /* Movie+CoreDataClass.swift */; };
		DEC245C729070E3C0035B9CA /* Movie+CoreDataProperties.swift in Sources */ = {isa = PBXBuildFile; fileRef = DEC245C529070E3C0035B9CA /* Movie+CoreDataProperties.swift */; };
		DEC245C92907112E0035B9CA /* MovieDetailsView.swift in Sources */ = {isa = PBXBuildFile; fileRef = DEC245C82907112E0035B9CA /* MovieDetailsView.swift */; };
		DEC245CB290720E90035B9CA /* AddActorsView.swift in Sources */ = {isa = PBXBuildFile; fileRef = DEC245CA290720E90035B9CA /* AddActorsView.swift */; };
		DEC245CE2907E54B0035B9CA /* InstaFilterAppView.swift in Sources */ = {isa = PBXBuildFile; fileRef = DEC245CD2907E54B0035B9CA /* InstaFilterAppView.swift */; };
		DEC245D22907E8CB0035B9CA /* FilterViewModel.swift in Sources */ = {isa = PBXBuildFile; fileRef = DEC245D12907E8CB0035B9CA /* FilterViewModel.swift */; };
		DEC245D429093AC80035B9CA /* ImageSaver.swift in Sources */ = {isa = PBXBuildFile; fileRef = DEC245D329093AC80035B9CA /* ImageSaver.swift */; };
		DEDE77B228FF0FA5000DADB3 /* BlendingColorsView.swift in Sources */ = {isa = PBXBuildFile; fileRef = DEDE77B128FF0FA5000DADB3 /* BlendingColorsView.swift */; };
		DEDE77B428FF18AF000DADB3 /* Flower.swift in Sources */ = {isa = PBXBuildFile; fileRef = DEDE77B328FF18AF000DADB3 /* Flower.swift */; };
		DEDE77B628FF1B28000DADB3 /* FlowerShapeView.swift in Sources */ = {isa = PBXBuildFile; fileRef = DEDE77B528FF1B28000DADB3 /* FlowerShapeView.swift */; };
		DEDE77B828FF1D95000DADB3 /* ColorCyclingCircle.swift in Sources */ = {isa = PBXBuildFile; fileRef = DEDE77B728FF1D95000DADB3 /* ColorCyclingCircle.swift */; };
		DEDE77BA28FF1E63000DADB3 /* ColorCyclingView.swift in Sources */ = {isa = PBXBuildFile; fileRef = DEDE77B928FF1E63000DADB3 /* ColorCyclingView.swift */; };
		DEDE77BC28FF2899000DADB3 /* CheckerBoard.swift in Sources */ = {isa = PBXBuildFile; fileRef = DEDE77BB28FF2899000DADB3 /* CheckerBoard.swift */; };
		DEDE77BE28FF2948000DADB3 /* AnimatablePairView.swift in Sources */ = {isa = PBXBuildFile; fileRef = DEDE77BD28FF2948000DADB3 /* AnimatablePairView.swift */; };
		DEDE77C028FFF02F000DADB3 /* Explanation.swift in Sources */ = {isa = PBXBuildFile; fileRef = DEDE77BF28FFF02F000DADB3 /* Explanation.swift */; };
		DEDE77C628FFFC97000DADB3 /* Projects.swift in Sources */ = {isa = PBXBuildFile; fileRef = DEDE77C528FFFC97000DADB3 /* Projects.swift */; };
		DEDE77C929000224000DADB3 /* projects.json in Resources */ = {isa = PBXBuildFile; fileRef = DEDE77C829000224000DADB3 /* projects.json */; };
		DEDE77CB2900029C000DADB3 /* ProjectsViewModel.swift in Sources */ = {isa = PBXBuildFile; fileRef = DEDE77CA2900029C000DADB3 /* ProjectsViewModel.swift */; };
		DEDE77CE290026D5000DADB3 /* CupcakeCornerAppView.swift in Sources */ = {isa = PBXBuildFile; fileRef = DEDE77CD290026D5000DADB3 /* CupcakeCornerAppView.swift */; };
		DEDE77D0290026EF000DADB3 /* AddressView.swift in Sources */ = {isa = PBXBuildFile; fileRef = DEDE77CF290026EF000DADB3 /* AddressView.swift */; };
		DEDE77D529002742000DADB3 /* Order.swift in Sources */ = {isa = PBXBuildFile; fileRef = DEDE77D429002742000DADB3 /* Order.swift */; };
		DEDE77D729002968000DADB3 /* CheckoutView.swift in Sources */ = {isa = PBXBuildFile; fileRef = DEDE77D629002968000DADB3 /* CheckoutView.swift */; };
		DEF4FB9528EC283800BDB191 /* GridMaginificationEffectView.swift in Sources */ = {isa = PBXBuildFile; fileRef = DEF4FB9428EC283800BDB191 /* GridMaginificationEffectView.swift */; };
		DEF4FB9728EC6B8600BDB191 /* GeometryReaderAnimationView.swift in Sources */ = {isa = PBXBuildFile; fileRef = DEF4FB9628EC6B8600BDB191 /* GeometryReaderAnimationView.swift */; };
		DEF4FB9B28EC74D400BDB191 /* FlagsCoordinateView.swift in Sources */ = {isa = PBXBuildFile; fileRef = DEF4FB9A28EC74D400BDB191 /* FlagsCoordinateView.swift */; };
		DEF4FB9F28ECCB1800BDB191 /* FlagView.swift in Sources */ = {isa = PBXBuildFile; fileRef = DEF4FB9E28ECCB1800BDB191 /* FlagView.swift */; };
		DEF4FBA228ECCCF400BDB191 /* ExplanationView.swift in Sources */ = {isa = PBXBuildFile; fileRef = DEF4FBA128ECCCF400BDB191 /* ExplanationView.swift */; };
		DEF4FBA428ECD0F100BDB191 /* CustomizedButton.swift in Sources */ = {isa = PBXBuildFile; fileRef = DEF4FBA328ECD0F100BDB191 /* CustomizedButton.swift */; };
/* End PBXBuildFile section */

/* Begin PBXFileReference section */
		DE020E892901412C00F8D67D /* StudentsAppView.swift */ = {isa = PBXFileReference; lastKnownFileType = sourcecode.swift; path = StudentsAppView.swift; sourceTree = "<group>"; };
		DE020E8E2901416400F8D67D /* DataController.swift */ = {isa = PBXFileReference; lastKnownFileType = sourcecode.swift; path = DataController.swift; sourceTree = "<group>"; };
		DE020E94290157A100F8D67D /* ProjectLibrary.xcdatamodel */ = {isa = PBXFileReference; lastKnownFileType = wrapper.xcdatamodel; path = ProjectLibrary.xcdatamodel; sourceTree = "<group>"; };
		DE020E982901588100F8D67D /* AddBookView.swift */ = {isa = PBXFileReference; lastKnownFileType = sourcecode.swift; path = AddBookView.swift; sourceTree = "<group>"; };
		DE020E9A29015DDA00F8D67D /* BookwormAppView.swift */ = {isa = PBXFileReference; lastKnownFileType = sourcecode.swift; path = BookwormAppView.swift; sourceTree = "<group>"; };
		DE020E9C2901634300F8D67D /* RatingView.swift */ = {isa = PBXFileReference; lastKnownFileType = sourcecode.swift; path = RatingView.swift; sourceTree = "<group>"; };
		DE020E9E290166D300F8D67D /* EmojiRatingView.swift */ = {isa = PBXFileReference; lastKnownFileType = sourcecode.swift; path = EmojiRatingView.swift; sourceTree = "<group>"; };
		DE020EA02901691000F8D67D /* BookDetailView.swift */ = {isa = PBXFileReference; lastKnownFileType = sourcecode.swift; path = BookDetailView.swift; sourceTree = "<group>"; };
		DE020EA22901836B00F8D67D /* BookwormViewModel.swift */ = {isa = PBXFileReference; lastKnownFileType = sourcecode.swift; path = BookwormViewModel.swift; sourceTree = "<group>"; };
		DE0696B228FD5AC50071EA9F /* DrawingAppView.swift */ = {isa = PBXFileReference; lastKnownFileType = sourcecode.swift; path = DrawingAppView.swift; sourceTree = "<group>"; };
		DE0696B428FDABEF0071EA9F /* Spirograph.swift */ = {isa = PBXFileReference; lastKnownFileType = sourcecode.swift; path = Spirograph.swift; sourceTree = "<group>"; };
		DE0696B928FDACB50071EA9F /* SpirographView.swift */ = {isa = PBXFileReference; lastKnownFileType = sourcecode.swift; path = SpirographView.swift; sourceTree = "<group>"; };
		DE0E647C28EDD96D00E916D2 /* ViewsModifierView.swift */ = {isa = PBXFileReference; lastKnownFileType = sourcecode.swift; path = ViewsModifierView.swift; sourceTree = "<group>"; };
		DE0E648128EEE67600E916D2 /* BetterRestView.swift */ = {isa = PBXFileReference; lastKnownFileType = sourcecode.swift; path = BetterRestView.swift; sourceTree = "<group>"; };
		DE0E648B28EF271500E916D2 /* SleepCalculator.mlmodel */ = {isa = PBXFileReference; lastKnownFileType = file.mlmodel; path = SleepCalculator.mlmodel; sourceTree = "<group>"; };
		DE0E649028EF604F00E916D2 /* BetterRestMLViewModel.swift */ = {isa = PBXFileReference; lastKnownFileType = sourcecode.swift; path = BetterRestMLViewModel.swift; sourceTree = "<group>"; };
		DE0E649228F01F9000E916D2 /* GridViewModel.swift */ = {isa = PBXFileReference; lastKnownFileType = sourcecode.swift; path = GridViewModel.swift; sourceTree = "<group>"; };
		DE211A4E28FC1C1500B5F97B /* GridLayoutView.swift */ = {isa = PBXFileReference; lastKnownFileType = sourcecode.swift; path = GridLayoutView.swift; sourceTree = "<group>"; };
		DE211A5028FC1CFA00B5F97B /* ListLayoutView.swift */ = {isa = PBXFileReference; lastKnownFileType = sourcecode.swift; path = ListLayoutView.swift; sourceTree = "<group>"; };
		DE305EB828F03FA8002FD76F /* CalculatorViewModel.swift */ = {isa = PBXFileReference; lastKnownFileType = sourcecode.swift; path = CalculatorViewModel.swift; sourceTree = "<group>"; };
		DE305EBA28F04137002FD76F /* URLLinkViewModifier.swift */ = {isa = PBXFileReference; lastKnownFileType = sourcecode.swift; path = URLLinkViewModifier.swift; sourceTree = "<group>"; };
		DE305EBD28F04AC2002FD76F /* IVAModel.swift */ = {isa = PBXFileReference; lastKnownFileType = sourcecode.swift; path = IVAModel.swift; sourceTree = "<group>"; };
		DE305EBF28F04D7E002FD76F /* TipModel.swift */ = {isa = PBXFileReference; lastKnownFileType = sourcecode.swift; path = TipModel.swift; sourceTree = "<group>"; };
		DE305EC428F05D11002FD76F /* FlagModel.swift */ = {isa = PBXFileReference; lastKnownFileType = sourcecode.swift; path = FlagModel.swift; sourceTree = "<group>"; };
		DE305EC628F05FDB002FD76F /* GuessViewModel.swift */ = {isa = PBXFileReference; lastKnownFileType = sourcecode.swift; path = GuessViewModel.swift; sourceTree = "<group>"; };
		DE321EBC28E72B97006A74E0 /* ProjectListView.swift */ = {isa = PBXFileReference; lastKnownFileType = sourcecode.swift; path = ProjectListView.swift; sourceTree = "<group>"; };
		DE321EBE28E72C60006A74E0 /* HomeView.swift */ = {isa = PBXFileReference; lastKnownFileType = sourcecode.swift; path = HomeView.swift; sourceTree = "<group>"; };
		DE321EC228E7465D006A74E0 /* WeSplitProjectView.swift */ = {isa = PBXFileReference; lastKnownFileType = sourcecode.swift; path = WeSplitProjectView.swift; sourceTree = "<group>"; };
		DE321ED928EB42FC006A74E0 /* GuessTheFlagView.swift */ = {isa = PBXFileReference; lastKnownFileType = sourcecode.swift; path = GuessTheFlagView.swift; sourceTree = "<group>"; };
		DE321EDD28EB441D006A74E0 /* FlagGameView.swift */ = {isa = PBXFileReference; lastKnownFileType = sourcecode.swift; path = FlagGameView.swift; sourceTree = "<group>"; };
		DE6F064F28F42996003AEE6F /* ClassifierQuestionView.swift */ = {isa = PBXFileReference; lastKnownFileType = sourcecode.swift; path = ClassifierQuestionView.swift; sourceTree = "<group>"; };
		DE6F065528F585EE003AEE6F /* WordScrambleView.swift */ = {isa = PBXFileReference; lastKnownFileType = sourcecode.swift; path = WordScrambleView.swift; sourceTree = "<group>"; };
		DE6F065728F5870D003AEE6F /* WordViewModel.swift */ = {isa = PBXFileReference; lastKnownFileType = sourcecode.swift; path = WordViewModel.swift; sourceTree = "<group>"; };
		DE6F065928F59165003AEE6F /* start.txt */ = {isa = PBXFileReference; fileEncoding = 4; lastKnownFileType = text; path = start.txt; sourceTree = "<group>"; };
		DE6F065E28F6BCC7003AEE6F /* ScrambleGameView.swift */ = {isa = PBXFileReference; lastKnownFileType = sourcecode.swift; path = ScrambleGameView.swift; sourceTree = "<group>"; };
		DE6F066128F714ED003AEE6F /* AnimationProjectView.swift */ = {isa = PBXFileReference; lastKnownFileType = sourcecode.swift; path = AnimationProjectView.swift; sourceTree = "<group>"; };
		DE6F066528F72C56003AEE6F /* CornerRotateModifier.swift */ = {isa = PBXFileReference; lastKnownFileType = sourcecode.swift; path = CornerRotateModifier.swift; sourceTree = "<group>"; };
		DE6F066728F7468E003AEE6F /* TransitionAnimationView.swift */ = {isa = PBXFileReference; lastKnownFileType = sourcecode.swift; path = TransitionAnimationView.swift; sourceTree = "<group>"; };
		DE6F066928F74C4A003AEE6F /* SnakAnimationView.swift */ = {isa = PBXFileReference; lastKnownFileType = sourcecode.swift; path = SnakAnimationView.swift; sourceTree = "<group>"; };
		DE6F066B28F74D63003AEE6F /* CornerAnimationView.swift */ = {isa = PBXFileReference; lastKnownFileType = sourcecode.swift; path = CornerAnimationView.swift; sourceTree = "<group>"; };
		DE6F066D28F755C8003AEE6F /* CircleAnimationView.swift */ = {isa = PBXFileReference; lastKnownFileType = sourcecode.swift; path = CircleAnimationView.swift; sourceTree = "<group>"; };
		DE6F066F28F75859003AEE6F /* ScaleEffectAnimationView.swift */ = {isa = PBXFileReference; lastKnownFileType = sourcecode.swift; path = ScaleEffectAnimationView.swift; sourceTree = "<group>"; };
		DE6F067128F75957003AEE6F /* DragAnimationModifier.swift */ = {isa = PBXFileReference; lastKnownFileType = sourcecode.swift; path = DragAnimationModifier.swift; sourceTree = "<group>"; };
		DE6F067328F8090D003AEE6F /* Rotation360Modifier.swift */ = {isa = PBXFileReference; lastKnownFileType = sourcecode.swift; name = Rotation360Modifier.swift; path = ProjectLibraryApp/Modifiers/Rotation360Modifier.swift; sourceTree = SOURCE_ROOT; };
		DE6F067628F87D89003AEE6F /* ExpenseItem.swift */ = {isa = PBXFileReference; lastKnownFileType = sourcecode.swift; path = ExpenseItem.swift; sourceTree = "<group>"; };
		DE6F067828F87DBA003AEE6F /* Expenses.swift */ = {isa = PBXFileReference; lastKnownFileType = sourcecode.swift; path = Expenses.swift; sourceTree = "<group>"; };
		DE6F067A28F87E43003AEE6F /* ExpenseManagerView.swift */ = {isa = PBXFileReference; lastKnownFileType = sourcecode.swift; path = ExpenseManagerView.swift; sourceTree = "<group>"; };
		DE6F067C28F882C9003AEE6F /* AddView.swift */ = {isa = PBXFileReference; lastKnownFileType = sourcecode.swift; path = AddView.swift; sourceTree = "<group>"; };
		DE6F067F28F96319003AEE6F /* MoonshotAppView.swift */ = {isa = PBXFileReference; lastKnownFileType = sourcecode.swift; path = MoonshotAppView.swift; sourceTree = "<group>"; };
		DE6F068128F96349003AEE6F /* astronauts.json */ = {isa = PBXFileReference; fileEncoding = 4; lastKnownFileType = text.json; path = astronauts.json; sourceTree = "<group>"; };
		DE6F068228F96349003AEE6F /* missions.json */ = {isa = PBXFileReference; fileEncoding = 4; lastKnownFileType = text.json; path = missions.json; sourceTree = "<group>"; };
		DE6F068528F9640B003AEE6F /* Astronauts.swift */ = {isa = PBXFileReference; lastKnownFileType = sourcecode.swift; path = Astronauts.swift; sourceTree = "<group>"; };
		DE6F068728F9682F003AEE6F /* Bundle_Decodable.swift */ = {isa = PBXFileReference; lastKnownFileType = sourcecode.swift; path = Bundle_Decodable.swift; sourceTree = "<group>"; };
		DE6F068928F96C79003AEE6F /* Mission.swift */ = {isa = PBXFileReference; lastKnownFileType = sourcecode.swift; path = Mission.swift; sourceTree = "<group>"; };
		DE6F068C28FB0B91003AEE6F /* Color-Theme.swift */ = {isa = PBXFileReference; lastKnownFileType = sourcecode.swift; path = "Color-Theme.swift"; sourceTree = "<group>"; };
		DE6F068E28FB0E4A003AEE6F /* MissionView.swift */ = {isa = PBXFileReference; lastKnownFileType = sourcecode.swift; path = MissionView.swift; sourceTree = "<group>"; };
		DE6F069328FB1BE4003AEE6F /* AstronautView.swift */ = {isa = PBXFileReference; lastKnownFileType = sourcecode.swift; path = AstronautView.swift; sourceTree = "<group>"; };
		DE6F069828FB2E8D003AEE6F /* CrewView.swift */ = {isa = PBXFileReference; lastKnownFileType = sourcecode.swift; path = CrewView.swift; sourceTree = "<group>"; };
		DE6F069A28FB303F003AEE6F /* CrewRole.swift */ = {isa = PBXFileReference; lastKnownFileType = sourcecode.swift; path = CrewRole.swift; sourceTree = "<group>"; };
		DE6F069C28FB3181003AEE6F /* MissionViewModel.swift */ = {isa = PBXFileReference; lastKnownFileType = sourcecode.swift; path = MissionViewModel.swift; sourceTree = "<group>"; };
		DE6F069F28FB401F003AEE6F /* CrewMember.swift */ = {isa = PBXFileReference; lastKnownFileType = sourcecode.swift; path = CrewMember.swift; sourceTree = "<group>"; };
		DE6F06A128FB43A5003AEE6F /* SeparatorComponent.swift */ = {isa = PBXFileReference; lastKnownFileType = sourcecode.swift; path = SeparatorComponent.swift; sourceTree = "<group>"; };
		DE764C6728E6324E00ADE5B6 /* ProjectLibraryApp.app */ = {isa = PBXFileReference; explicitFileType = wrapper.application; includeInIndex = 0; path = ProjectLibraryApp.app; sourceTree = BUILT_PRODUCTS_DIR; };
		DE764C6A28E6324E00ADE5B6 /* ProjectLibraryApp.swift */ = {isa = PBXFileReference; lastKnownFileType = sourcecode.swift; path = ProjectLibraryApp.swift; sourceTree = "<group>"; };
		DE764C6E28E6324F00ADE5B6 /* Assets.xcassets */ = {isa = PBXFileReference; lastKnownFileType = folder.assetcatalog; path = Assets.xcassets; sourceTree = "<group>"; };
		DE764C7128E6324F00ADE5B6 /* Preview Assets.xcassets */ = {isa = PBXFileReference; lastKnownFileType = folder.assetcatalog; path = "Preview Assets.xcassets"; sourceTree = "<group>"; };
		DE764C7928E6329300ADE5B6 /* ArticleView.swift */ = {isa = PBXFileReference; fileEncoding = 4; lastKnownFileType = sourcecode.swift; path = ArticleView.swift; sourceTree = "<group>"; };
		DE764C7A28E6329300ADE5B6 /* Articles_Tab_View.swift */ = {isa = PBXFileReference; fileEncoding = 4; lastKnownFileType = sourcecode.swift; path = Articles_Tab_View.swift; sourceTree = "<group>"; };
		DE764C7C28E6329300ADE5B6 /* Articles_Table_View.swift */ = {isa = PBXFileReference; fileEncoding = 4; lastKnownFileType = sourcecode.swift; path = Articles_Table_View.swift; sourceTree = "<group>"; };
		DE764C7D28E6329300ADE5B6 /* ListRowView.swift */ = {isa = PBXFileReference; fileEncoding = 4; lastKnownFileType = sourcecode.swift; path = ListRowView.swift; sourceTree = "<group>"; };
		DE764C7E28E6329300ADE5B6 /* ClimateArticlesView.swift */ = {isa = PBXFileReference; fileEncoding = 4; indentWidth = 4; lastKnownFileType = sourcecode.swift; path = ClimateArticlesView.swift; sourceTree = "<group>"; };
		DE764C8028E6329300ADE5B6 /* ArticleListViewModel.swift */ = {isa = PBXFileReference; fileEncoding = 4; lastKnownFileType = sourcecode.swift; path = ArticleListViewModel.swift; sourceTree = "<group>"; };
		DE764C8228E6329300ADE5B6 /* Article.swift */ = {isa = PBXFileReference; fileEncoding = 4; lastKnownFileType = sourcecode.swift; path = Article.swift; sourceTree = "<group>"; };
		DEAFB0C9290947B20082DA5D /* ImagePickerService.swift */ = {isa = PBXFileReference; lastKnownFileType = sourcecode.swift; name = ImagePickerService.swift; path = ProjectLibraryApp/Projects/InstaFilter/ViewModel/ImagePickerService.swift; sourceTree = SOURCE_ROOT; };
		DEAFB0CF290A77AA0082DA5D /* User.swift */ = {isa = PBXFileReference; lastKnownFileType = sourcecode.swift; name = User.swift; path = ProjectLibraryApp/Projects/BucketList/Model/User.swift; sourceTree = SOURCE_ROOT; };
		DEAFB0D1290A77DD0082DA5D /* ListViewModel.swift */ = {isa = PBXFileReference; lastKnownFileType = sourcecode.swift; path = ListViewModel.swift; sourceTree = "<group>"; };
		DEAFB0D3290A78650082DA5D /* BucketListAppView.swift */ = {isa = PBXFileReference; lastKnownFileType = sourcecode.swift; path = BucketListAppView.swift; sourceTree = "<group>"; };
		DEAFB0D5290AA1070082DA5D /* MapView.swift */ = {isa = PBXFileReference; lastKnownFileType = sourcecode.swift; path = MapView.swift; sourceTree = "<group>"; };
		DEAFB0D7290AA7D50082DA5D /* Location.swift */ = {isa = PBXFileReference; lastKnownFileType = sourcecode.swift; path = Location.swift; sourceTree = SOURCE_ROOT; };
		DEAFB0D9290AAA390082DA5D /* LocationView.swift */ = {isa = PBXFileReference; lastKnownFileType = sourcecode.swift; path = LocationView.swift; sourceTree = "<group>"; };
		DEAFB0DB290AB8F40082DA5D /* Result.swift */ = {isa = PBXFileReference; lastKnownFileType = sourcecode.swift; name = Result.swift; path = ProjectLibraryApp/Result.swift; sourceTree = SOURCE_ROOT; };
		DEAFB0DE290BCFB90082DA5D /* VoiceOverAppView.swift */ = {isa = PBXFileReference; lastKnownFileType = sourcecode.swift; path = VoiceOverAppView.swift; sourceTree = "<group>"; };
		DEAFB0E0290BECF90082DA5D /* FileManager.swift */ = {isa = PBXFileReference; lastKnownFileType = sourcecode.swift; path = FileManager.swift; sourceTree = "<group>"; };
		DEAFB0E2290BF4AA0082DA5D /* NewUserView.swift */ = {isa = PBXFileReference; lastKnownFileType = sourcecode.swift; path = NewUserView.swift; sourceTree = "<group>"; };
		DEB3DB0128F0914600B75DD1 /* View.swift */ = {isa = PBXFileReference; lastKnownFileType = sourcecode.swift; path = View.swift; sourceTree = "<group>"; };
		DEB3DB0328F096E000B75DD1 /* ClassifierViewModel.swift */ = {isa = PBXFileReference; lastKnownFileType = sourcecode.swift; path = ClassifierViewModel.swift; sourceTree = "<group>"; };
		DEB3DB0828F0B90100B75DD1 /* ResultViewModel.swift */ = {isa = PBXFileReference; lastKnownFileType = sourcecode.swift; path = ResultViewModel.swift; sourceTree = "<group>"; };
		DEB3DB0A28F0CD1400B75DD1 /* ResultView.swift */ = {isa = PBXFileReference; lastKnownFileType = sourcecode.swift; path = ResultView.swift; sourceTree = "<group>"; };
		DEB3DB1228F0E00300B75DD1 /* AnimalClassifier.mlpackage */ = {isa = PBXFileReference; lastKnownFileType = folder.mlpackage; path = AnimalClassifier.mlpackage; sourceTree = "<group>"; };
		DEB3DB1428F41E3900B75DD1 /* AnimalClassifierView.swift */ = {isa = PBXFileReference; lastKnownFileType = sourcecode.swift; path = AnimalClassifierView.swift; sourceTree = "<group>"; };
		DEC245AE29069C2A0035B9CA /* CoreDataAppView.swift */ = {isa = PBXFileReference; lastKnownFileType = sourcecode.swift; path = CoreDataAppView.swift; sourceTree = "<group>"; };
		DEC245BA2906F8260035B9CA /* FilteredListView.swift */ = {isa = PBXFileReference; lastKnownFileType = sourcecode.swift; path = FilteredListView.swift; sourceTree = "<group>"; };
		DEC245BC2906FB4A0035B9CA /* MovieRowView.swift */ = {isa = PBXFileReference; lastKnownFileType = sourcecode.swift; path = MovieRowView.swift; sourceTree = "<group>"; };
		DEC245C029070E000035B9CA /* Actor+CoreDataClass.swift */ = {isa = PBXFileReference; lastKnownFileType = sourcecode.swift; path = "Actor+CoreDataClass.swift"; sourceTree = "<group>"; };
		DEC245C129070E000035B9CA /* Actor+CoreDataProperties.swift */ = {isa = PBXFileReference; lastKnownFileType = sourcecode.swift; path = "Actor+CoreDataProperties.swift"; sourceTree = "<group>"; };
		DEC245C429070E3C0035B9CA /* Movie+CoreDataClass.swift */ = {isa = PBXFileReference; lastKnownFileType = sourcecode.swift; path = "Movie+CoreDataClass.swift"; sourceTree = "<group>"; };
		DEC245C529070E3C0035B9CA /* Movie+CoreDataProperties.swift */ = {isa = PBXFileReference; lastKnownFileType = sourcecode.swift; path = "Movie+CoreDataProperties.swift"; sourceTree = "<group>"; usesTabs = 0; };
		DEC245C82907112E0035B9CA /* MovieDetailsView.swift */ = {isa = PBXFileReference; lastKnownFileType = sourcecode.swift; path = MovieDetailsView.swift; sourceTree = "<group>"; };
		DEC245CA290720E90035B9CA /* AddActorsView.swift */ = {isa = PBXFileReference; lastKnownFileType = sourcecode.swift; path = AddActorsView.swift; sourceTree = "<group>"; };
		DEC245CD2907E54B0035B9CA /* InstaFilterAppView.swift */ = {isa = PBXFileReference; lastKnownFileType = sourcecode.swift; path = InstaFilterAppView.swift; sourceTree = "<group>"; };
		DEC245D12907E8CB0035B9CA /* FilterViewModel.swift */ = {isa = PBXFileReference; lastKnownFileType = sourcecode.swift; path = FilterViewModel.swift; sourceTree = "<group>"; };
		DEC245D329093AC80035B9CA /* ImageSaver.swift */ = {isa = PBXFileReference; lastKnownFileType = sourcecode.swift; path = ImageSaver.swift; sourceTree = "<group>"; };
		DEDE77B128FF0FA5000DADB3 /* BlendingColorsView.swift */ = {isa = PBXFileReference; lastKnownFileType = sourcecode.swift; path = BlendingColorsView.swift; sourceTree = "<group>"; };
		DEDE77B328FF18AF000DADB3 /* Flower.swift */ = {isa = PBXFileReference; lastKnownFileType = sourcecode.swift; path = Flower.swift; sourceTree = "<group>"; };
		DEDE77B528FF1B28000DADB3 /* FlowerShapeView.swift */ = {isa = PBXFileReference; lastKnownFileType = sourcecode.swift; path = FlowerShapeView.swift; sourceTree = "<group>"; };
		DEDE77B728FF1D95000DADB3 /* ColorCyclingCircle.swift */ = {isa = PBXFileReference; lastKnownFileType = sourcecode.swift; path = ColorCyclingCircle.swift; sourceTree = "<group>"; };
		DEDE77B928FF1E63000DADB3 /* ColorCyclingView.swift */ = {isa = PBXFileReference; lastKnownFileType = sourcecode.swift; path = ColorCyclingView.swift; sourceTree = "<group>"; };
		DEDE77BB28FF2899000DADB3 /* CheckerBoard.swift */ = {isa = PBXFileReference; lastKnownFileType = sourcecode.swift; path = CheckerBoard.swift; sourceTree = "<group>"; };
		DEDE77BD28FF2948000DADB3 /* AnimatablePairView.swift */ = {isa = PBXFileReference; lastKnownFileType = sourcecode.swift; path = AnimatablePairView.swift; sourceTree = "<group>"; };
		DEDE77BF28FFF02F000DADB3 /* Explanation.swift */ = {isa = PBXFileReference; lastKnownFileType = sourcecode.swift; path = Explanation.swift; sourceTree = "<group>"; };
		DEDE77C528FFFC97000DADB3 /* Projects.swift */ = {isa = PBXFileReference; lastKnownFileType = sourcecode.swift; path = Projects.swift; sourceTree = "<group>"; };
		DEDE77C829000224000DADB3 /* projects.json */ = {isa = PBXFileReference; fileEncoding = 4; lastKnownFileType = text.json; path = projects.json; sourceTree = "<group>"; };
		DEDE77CA2900029C000DADB3 /* ProjectsViewModel.swift */ = {isa = PBXFileReference; lastKnownFileType = sourcecode.swift; path = ProjectsViewModel.swift; sourceTree = "<group>"; };
		DEDE77CD290026D5000DADB3 /* CupcakeCornerAppView.swift */ = {isa = PBXFileReference; lastKnownFileType = sourcecode.swift; path = CupcakeCornerAppView.swift; sourceTree = "<group>"; };
		DEDE77CF290026EF000DADB3 /* AddressView.swift */ = {isa = PBXFileReference; lastKnownFileType = sourcecode.swift; path = AddressView.swift; sourceTree = "<group>"; };
		DEDE77D429002742000DADB3 /* Order.swift */ = {isa = PBXFileReference; lastKnownFileType = sourcecode.swift; path = Order.swift; sourceTree = "<group>"; };
		DEDE77D629002968000DADB3 /* CheckoutView.swift */ = {isa = PBXFileReference; lastKnownFileType = sourcecode.swift; path = CheckoutView.swift; sourceTree = "<group>"; };
		DEF4FB9428EC283800BDB191 /* GridMaginificationEffectView.swift */ = {isa = PBXFileReference; lastKnownFileType = sourcecode.swift; path = GridMaginificationEffectView.swift; sourceTree = "<group>"; };
		DEF4FB9628EC6B8600BDB191 /* GeometryReaderAnimationView.swift */ = {isa = PBXFileReference; lastKnownFileType = sourcecode.swift; path = GeometryReaderAnimationView.swift; sourceTree = "<group>"; };
		DEF4FB9A28EC74D400BDB191 /* FlagsCoordinateView.swift */ = {isa = PBXFileReference; lastKnownFileType = sourcecode.swift; path = FlagsCoordinateView.swift; sourceTree = "<group>"; };
		DEF4FB9E28ECCB1800BDB191 /* FlagView.swift */ = {isa = PBXFileReference; lastKnownFileType = sourcecode.swift; path = FlagView.swift; sourceTree = "<group>"; };
		DEF4FBA128ECCCF400BDB191 /* ExplanationView.swift */ = {isa = PBXFileReference; lastKnownFileType = sourcecode.swift; path = ExplanationView.swift; sourceTree = "<group>"; };
		DEF4FBA328ECD0F100BDB191 /* CustomizedButton.swift */ = {isa = PBXFileReference; lastKnownFileType = sourcecode.swift; path = CustomizedButton.swift; sourceTree = "<group>"; };
/* End PBXFileReference section */

/* Begin PBXFrameworksBuildPhase section */
		DE764C6428E6324E00ADE5B6 /* Frameworks */ = {
			isa = PBXFrameworksBuildPhase;
			buildActionMask = 2147483647;
			files = (
			);
			runOnlyForDeploymentPostprocessing = 0;
		};
/* End PBXFrameworksBuildPhase section */

/* Begin PBXGroup section */
		DE020E882901410D00F8D67D /* Bookworm */ = {
			isa = PBXGroup;
			children = (
				DE020E972901581200F8D67D /* Bookworm */,
				DE020E962901580300F8D67D /* Students */,
			);
			path = Bookworm;
			sourceTree = "<group>";
		};
		DE020E8C2901414000F8D67D /* ViewModel */ = {
			isa = PBXGroup;
			children = (
				DE020EA22901836B00F8D67D /* BookwormViewModel.swift */,
			);
			path = ViewModel;
			sourceTree = "<group>";
		};
		DE020E8D2901414600F8D67D /* View */ = {
			isa = PBXGroup;
			children = (
				DE020E9A29015DDA00F8D67D /* BookwormAppView.swift */,
				DE020EA02901691000F8D67D /* BookDetailView.swift */,
				DE020E982901588100F8D67D /* AddBookView.swift */,
			);
			path = View;
			sourceTree = "<group>";
		};
		DE020E962901580300F8D67D /* Students */ = {
			isa = PBXGroup;
			children = (
				DE020E892901412C00F8D67D /* StudentsAppView.swift */,
			);
			path = Students;
			sourceTree = "<group>";
		};
		DE020E972901581200F8D67D /* Bookworm */ = {
			isa = PBXGroup;
			children = (
				DE020E8D2901414600F8D67D /* View */,
				DE020E8C2901414000F8D67D /* ViewModel */,
			);
			path = Bookworm;
			sourceTree = "<group>";
		};
		DE0696B128FD5AA90071EA9F /* Drawing */ = {
			isa = PBXGroup;
			children = (
				DE0696B828FDAC9B0071EA9F /* View */,
				DE0696B728FDAC940071EA9F /* ViewModel */,
			);
			path = Drawing;
			sourceTree = "<group>";
		};
		DE0696B728FDAC940071EA9F /* ViewModel */ = {
			isa = PBXGroup;
			children = (
				DEDE77BB28FF2899000DADB3 /* CheckerBoard.swift */,
				DEDE77B728FF1D95000DADB3 /* ColorCyclingCircle.swift */,
				DEDE77B328FF18AF000DADB3 /* Flower.swift */,
				DE0696B428FDABEF0071EA9F /* Spirograph.swift */,
			);
			path = ViewModel;
			sourceTree = "<group>";
		};
		DE0696B828FDAC9B0071EA9F /* View */ = {
			isa = PBXGroup;
			children = (
				DE0696B228FD5AC50071EA9F /* DrawingAppView.swift */,
				DE0696B928FDACB50071EA9F /* SpirographView.swift */,
				DEDE77B528FF1B28000DADB3 /* FlowerShapeView.swift */,
				DEDE77B928FF1E63000DADB3 /* ColorCyclingView.swift */,
				DEDE77B128FF0FA5000DADB3 /* BlendingColorsView.swift */,
				DEDE77BD28FF2948000DADB3 /* AnimatablePairView.swift */,
			);
			path = View;
			sourceTree = "<group>";
		};
		DE0E647E28EEE2E800E916D2 /* BetterRest */ = {
			isa = PBXGroup;
			children = (
				DEB3DAFC28F08DC900B75DD1 /* AnimalClassifier */,
				DE0E648F28EF600100E916D2 /* BetterRest */,
			);
			path = BetterRest;
			sourceTree = "<group>";
		};
		DE0E648F28EF600100E916D2 /* BetterRest */ = {
			isa = PBXGroup;
			children = (
				DE0E648128EEE67600E916D2 /* BetterRestView.swift */,
				DE0E649028EF604F00E916D2 /* BetterRestMLViewModel.swift */,
				DE0E648B28EF271500E916D2 /* SleepCalculator.mlmodel */,
			);
			path = BetterRest;
			sourceTree = "<group>";
		};
		DE305EB628F03F67002FD76F /* View */ = {
			isa = PBXGroup;
			children = (
				DE321EC228E7465D006A74E0 /* WeSplitProjectView.swift */,
			);
			path = View;
			sourceTree = "<group>";
		};
		DE305EB728F03F70002FD76F /* ViewModel */ = {
			isa = PBXGroup;
			children = (
				DE305EB828F03FA8002FD76F /* CalculatorViewModel.swift */,
			);
			path = ViewModel;
			sourceTree = "<group>";
		};
		DE305EBC28F04A9D002FD76F /* Model */ = {
			isa = PBXGroup;
			children = (
				DE305EBF28F04D7E002FD76F /* TipModel.swift */,
				DE305EBD28F04AC2002FD76F /* IVAModel.swift */,
			);
			path = Model;
			sourceTree = "<group>";
		};
		DE305EC128F05CB3002FD76F /* ViewModel */ = {
			isa = PBXGroup;
			children = (
				DE305EC628F05FDB002FD76F /* GuessViewModel.swift */,
			);
			path = ViewModel;
			sourceTree = "<group>";
		};
		DE305EC228F05CC0002FD76F /* Model */ = {
			isa = PBXGroup;
			children = (
				DE305EC428F05D11002FD76F /* FlagModel.swift */,
			);
			path = Model;
			sourceTree = "<group>";
		};
		DE305EC328F05CC7002FD76F /* View */ = {
			isa = PBXGroup;
			children = (
				DE321ED928EB42FC006A74E0 /* GuessTheFlagView.swift */,
				DE321EDD28EB441D006A74E0 /* FlagGameView.swift */,
				DEF4FB9E28ECCB1800BDB191 /* FlagView.swift */,
			);
			path = View;
			sourceTree = "<group>";
		};
		DE321EB628E72742006A74E0 /* ClimateArticles */ = {
			isa = PBXGroup;
			children = (
				DE764C7828E6329300ADE5B6 /* View */,
				DE764C7F28E6329300ADE5B6 /* ViewModel */,
				DE764C8128E6329300ADE5B6 /* Model */,
			);
			path = ClimateArticles;
			sourceTree = "<group>";
		};
		DE321EB728E72795006A74E0 /* WeSplit */ = {
			isa = PBXGroup;
			children = (
				DE305EB628F03F67002FD76F /* View */,
				DE305EB728F03F70002FD76F /* ViewModel */,
				DE305EBC28F04A9D002FD76F /* Model */,
			);
			path = WeSplit;
			sourceTree = "<group>";
		};
		DE321ED828EB3824006A74E0 /* GuessTheFlag */ = {
			isa = PBXGroup;
			children = (
				DE305EC328F05CC7002FD76F /* View */,
				DE305EC128F05CB3002FD76F /* ViewModel */,
				DE305EC228F05CC0002FD76F /* Model */,
			);
			path = GuessTheFlag;
			sourceTree = "<group>";
		};
		DE6F065428F56228003AEE6F /* WordScramble */ = {
			isa = PBXGroup;
			children = (
				DE6F065D28F5C3D0003AEE6F /* View */,
				DE6F065C28F5C37B003AEE6F /* ViewModel */,
				DE6F065B28F5C36D003AEE6F /* Model */,
			);
			path = WordScramble;
			sourceTree = "<group>";
		};
		DE6F065B28F5C36D003AEE6F /* Model */ = {
			isa = PBXGroup;
			children = (
				DE6F065928F59165003AEE6F /* start.txt */,
			);
			path = Model;
			sourceTree = "<group>";
		};
		DE6F065C28F5C37B003AEE6F /* ViewModel */ = {
			isa = PBXGroup;
			children = (
				DE6F065728F5870D003AEE6F /* WordViewModel.swift */,
			);
			path = ViewModel;
			sourceTree = "<group>";
		};
		DE6F065D28F5C3D0003AEE6F /* View */ = {
			isa = PBXGroup;
			children = (
				DE6F065528F585EE003AEE6F /* WordScrambleView.swift */,
				DE6F065E28F6BCC7003AEE6F /* ScrambleGameView.swift */,
			);
			path = View;
			sourceTree = "<group>";
		};
		DE6F066028F714BE003AEE6F /* ElementsAnimation */ = {
			isa = PBXGroup;
			children = (
				DE6F066128F714ED003AEE6F /* AnimationProjectView.swift */,
				DE6F066D28F755C8003AEE6F /* CircleAnimationView.swift */,
				DE6F066F28F75859003AEE6F /* ScaleEffectAnimationView.swift */,
				DE6F066B28F74D63003AEE6F /* CornerAnimationView.swift */,
				DE6F066728F7468E003AEE6F /* TransitionAnimationView.swift */,
				DE6F066928F74C4A003AEE6F /* SnakAnimationView.swift */,
			);
			path = ElementsAnimation;
			sourceTree = "<group>";
		};
		DE6F066328F72C16003AEE6F /* Modifiers */ = {
			isa = PBXGroup;
			children = (
				DEDE77BF28FFF02F000DADB3 /* Explanation.swift */,
				DE6F067328F8090D003AEE6F /* Rotation360Modifier.swift */,
				DE305EBA28F04137002FD76F /* URLLinkViewModifier.swift */,
				DE6F066528F72C56003AEE6F /* CornerRotateModifier.swift */,
				DE6F067128F75957003AEE6F /* DragAnimationModifier.swift */,
				DEF4FBA328ECD0F100BDB191 /* CustomizedButton.swift */,
			);
			path = Modifiers;
			sourceTree = "<group>";
		};
		DE6F066428F72C1F003AEE6F /* Projects */ = {
			isa = PBXGroup;
			children = (
				DEAFB0DD290BCF9F0082DA5D /* VoiceOver */,
				DEAFB0CB290A77750082DA5D /* BucketList */,
				DEC245CC2907E52B0035B9CA /* InstaFilter */,
				DEC245A8290291340035B9CA /* CoreDataApp */,
				DE020E882901410D00F8D67D /* Bookworm */,
				DEDE77CC290026AF000DADB3 /* CupcakeCorner */,
				DE0696B128FD5AA90071EA9F /* Drawing */,
				DE6F067E28F962F6003AEE6F /* Moonshot */,
				DE6F067528F86D15003AEE6F /* iExpense */,
				DE6F066028F714BE003AEE6F /* ElementsAnimation */,
				DE6F065428F56228003AEE6F /* WordScramble */,
				DE0E647E28EEE2E800E916D2 /* BetterRest */,
				DEF4FB8F28EC279B00BDB191 /* ViewsAndModifiers */,
				DE321ED828EB3824006A74E0 /* GuessTheFlag */,
				DE321EB628E72742006A74E0 /* ClimateArticles */,
				DE321EB728E72795006A74E0 /* WeSplit */,
			);
			path = Projects;
			sourceTree = "<group>";
		};
		DE6F067528F86D15003AEE6F /* iExpense */ = {
			isa = PBXGroup;
			children = (
				DE6F069728FB2754003AEE6F /* View */,
				DE6F069628FB2740003AEE6F /* ViewModel */,
				DE6F069528FB2735003AEE6F /* Model */,
			);
			path = iExpense;
			sourceTree = "<group>";
		};
		DE6F067E28F962F6003AEE6F /* Moonshot */ = {
			isa = PBXGroup;
			children = (
				DE6F069228FB19AD003AEE6F /* View */,
				DE6F069128FB198E003AEE6F /* ViewModel */,
				DE6F069028FB1983003AEE6F /* Model */,
				DE6F069E28FB3221003AEE6F /* JsonFile */,
			);
			path = Moonshot;
			sourceTree = "<group>";
		};
		DE6F068B28FB09A4003AEE6F /* Extension */ = {
			isa = PBXGroup;
			children = (
				DEAFB0E0290BECF90082DA5D /* FileManager.swift */,
				DE6F068C28FB0B91003AEE6F /* Color-Theme.swift */,
				DE6F068728F9682F003AEE6F /* Bundle_Decodable.swift */,
			);
			path = Extension;
			sourceTree = "<group>";
		};
		DE6F069028FB1983003AEE6F /* Model */ = {
			isa = PBXGroup;
			children = (
				DE6F068928F96C79003AEE6F /* Mission.swift */,
				DE6F068528F9640B003AEE6F /* Astronauts.swift */,
				DE6F069A28FB303F003AEE6F /* CrewRole.swift */,
				DE6F069F28FB401F003AEE6F /* CrewMember.swift */,
			);
			path = Model;
			sourceTree = "<group>";
		};
		DE6F069128FB198E003AEE6F /* ViewModel */ = {
			isa = PBXGroup;
			children = (
				DE6F069C28FB3181003AEE6F /* MissionViewModel.swift */,
			);
			path = ViewModel;
			sourceTree = "<group>";
		};
		DE6F069228FB19AD003AEE6F /* View */ = {
			isa = PBXGroup;
			children = (
				DE6F067F28F96319003AEE6F /* MoonshotAppView.swift */,
				DE211A5028FC1CFA00B5F97B /* ListLayoutView.swift */,
				DE211A4E28FC1C1500B5F97B /* GridLayoutView.swift */,
				DE6F068E28FB0E4A003AEE6F /* MissionView.swift */,
				DE6F069328FB1BE4003AEE6F /* AstronautView.swift */,
				DE6F069828FB2E8D003AEE6F /* CrewView.swift */,
				DE6F06A128FB43A5003AEE6F /* SeparatorComponent.swift */,
			);
			path = View;
			sourceTree = "<group>";
		};
		DE6F069528FB2735003AEE6F /* Model */ = {
			isa = PBXGroup;
			children = (
				DE6F067628F87D89003AEE6F /* ExpenseItem.swift */,
			);
			path = Model;
			sourceTree = "<group>";
		};
		DE6F069628FB2740003AEE6F /* ViewModel */ = {
			isa = PBXGroup;
			children = (
				DE6F067828F87DBA003AEE6F /* Expenses.swift */,
			);
			path = ViewModel;
			sourceTree = "<group>";
		};
		DE6F069728FB2754003AEE6F /* View */ = {
			isa = PBXGroup;
			children = (
				DE6F067A28F87E43003AEE6F /* ExpenseManagerView.swift */,
				DE6F067C28F882C9003AEE6F /* AddView.swift */,
			);
			path = View;
			sourceTree = "<group>";
		};
		DE6F069E28FB3221003AEE6F /* JsonFile */ = {
			isa = PBXGroup;
			children = (
				DE6F068128F96349003AEE6F /* astronauts.json */,
				DE6F068228F96349003AEE6F /* missions.json */,
			);
			path = JsonFile;
			sourceTree = "<group>";
		};
		DE764C5E28E6324E00ADE5B6 = {
			isa = PBXGroup;
			children = (
				DE764C6928E6324E00ADE5B6 /* ProjectLibraryApp */,
				DE764C6828E6324E00ADE5B6 /* Products */,
			);
			sourceTree = "<group>";
		};
		DE764C6828E6324E00ADE5B6 /* Products */ = {
			isa = PBXGroup;
			children = (
				DE764C6728E6324E00ADE5B6 /* ProjectLibraryApp.app */,
			);
			name = Products;
			sourceTree = "<group>";
		};
		DE764C6928E6324E00ADE5B6 /* ProjectLibraryApp */ = {
			isa = PBXGroup;
			children = (
				DE6F066428F72C1F003AEE6F /* Projects */,
				DE6F068B28FB09A4003AEE6F /* Extension */,
				DE6F066328F72C16003AEE6F /* Modifiers */,
				DEF4FBA028ECCCD700BDB191 /* Component */,
				DEDE77C128FFF9B9000DADB3 /* HomePage */,
				DE764C6A28E6324E00ADE5B6 /* ProjectLibraryApp.swift */,
				DE020E93290157A000F8D67D /* ProjectLibrary.xcdatamodeld */,
				DE764C6E28E6324F00ADE5B6 /* Assets.xcassets */,
				DE764C7028E6324F00ADE5B6 /* Preview Content */,
			);
			path = ProjectLibraryApp;
			sourceTree = "<group>";
		};
		DE764C7028E6324F00ADE5B6 /* Preview Content */ = {
			isa = PBXGroup;
			children = (
				DE764C7128E6324F00ADE5B6 /* Preview Assets.xcassets */,
			);
			path = "Preview Content";
			sourceTree = "<group>";
		};
		DE764C7828E6329300ADE5B6 /* View */ = {
			isa = PBXGroup;
			children = (
				DE764C7E28E6329300ADE5B6 /* ClimateArticlesView.swift */,
				DE764C7A28E6329300ADE5B6 /* Articles_Tab_View.swift */,
				DE764C7C28E6329300ADE5B6 /* Articles_Table_View.swift */,
				DE764C7D28E6329300ADE5B6 /* ListRowView.swift */,
				DE764C7928E6329300ADE5B6 /* ArticleView.swift */,
			);
			path = View;
			sourceTree = "<group>";
		};
		DE764C7F28E6329300ADE5B6 /* ViewModel */ = {
			isa = PBXGroup;
			children = (
				DE764C8028E6329300ADE5B6 /* ArticleListViewModel.swift */,
			);
			path = ViewModel;
			sourceTree = "<group>";
		};
		DE764C8128E6329300ADE5B6 /* Model */ = {
			isa = PBXGroup;
			children = (
				DE764C8228E6329300ADE5B6 /* Article.swift */,
			);
			path = Model;
			sourceTree = "<group>";
		};
		DEAFB0C8290947860082DA5D /* Service */ = {
			isa = PBXGroup;
			children = (
				DEAFB0C9290947B20082DA5D /* ImagePickerService.swift */,
			);
			path = Service;
			sourceTree = "<group>";
		};
		DEAFB0CB290A77750082DA5D /* BucketList */ = {
			isa = PBXGroup;
			children = (
				DEAFB0CE290A77940082DA5D /* View */,
				DEAFB0CD290A778D0082DA5D /* ViewModel */,
				DEAFB0CC290A77870082DA5D /* Model */,
			);
			path = BucketList;
			sourceTree = "<group>";
		};
		DEAFB0CC290A77870082DA5D /* Model */ = {
			isa = PBXGroup;
			children = (
				DEAFB0DB290AB8F40082DA5D /* Result.swift */,
				DEAFB0D7290AA7D50082DA5D /* Location.swift */,
				DEAFB0CF290A77AA0082DA5D /* User.swift */,
			);
			path = Model;
			sourceTree = "<group>";
		};
		DEAFB0CD290A778D0082DA5D /* ViewModel */ = {
			isa = PBXGroup;
			children = (
				DEAFB0D1290A77DD0082DA5D /* ListViewModel.swift */,
			);
			path = ViewModel;
			sourceTree = "<group>";
		};
		DEAFB0CE290A77940082DA5D /* View */ = {
			isa = PBXGroup;
			children = (
				DEAFB0D3290A78650082DA5D /* BucketListAppView.swift */,
				DEAFB0E2290BF4AA0082DA5D /* NewUserView.swift */,
				DEAFB0D5290AA1070082DA5D /* MapView.swift */,
				DEAFB0D9290AAA390082DA5D /* LocationView.swift */,
			);
			path = View;
			sourceTree = "<group>";
		};
		DEAFB0DD290BCF9F0082DA5D /* VoiceOver */ = {
			isa = PBXGroup;
			children = (
				DEAFB0DE290BCFB90082DA5D /* VoiceOverAppView.swift */,
			);
			path = VoiceOver;
			sourceTree = "<group>";
		};
		DEB3DAFC28F08DC900B75DD1 /* AnimalClassifier */ = {
			isa = PBXGroup;
			children = (
				DEB3DB0728F0B8E800B75DD1 /* View */,
				DEB3DB0628F0B8E200B75DD1 /* ViewModel */,
				DEB3DB0528F0B8D800B75DD1 /* Model */,
			);
			path = AnimalClassifier;
			sourceTree = "<group>";
		};
		DEB3DB0528F0B8D800B75DD1 /* Model */ = {
			isa = PBXGroup;
			children = (
				DEB3DB1228F0E00300B75DD1 /* AnimalClassifier.mlpackage */,
			);
			path = Model;
			sourceTree = "<group>";
		};
		DEB3DB0628F0B8E200B75DD1 /* ViewModel */ = {
			isa = PBXGroup;
			children = (
				DEB3DB0828F0B90100B75DD1 /* ResultViewModel.swift */,
				DEB3DB0328F096E000B75DD1 /* ClassifierViewModel.swift */,
			);
			path = ViewModel;
			sourceTree = "<group>";
		};
		DEB3DB0728F0B8E800B75DD1 /* View */ = {
			isa = PBXGroup;
			children = (
				DEB3DB0128F0914600B75DD1 /* View.swift */,
				DEB3DB1428F41E3900B75DD1 /* AnimalClassifierView.swift */,
				DEB3DB0A28F0CD1400B75DD1 /* ResultView.swift */,
				DE6F064F28F42996003AEE6F /* ClassifierQuestionView.swift */,
			);
			path = View;
			sourceTree = "<group>";
		};
		DEC245A8290291340035B9CA /* CoreDataApp */ = {
			isa = PBXGroup;
			children = (
				DEC245BE2906FE050035B9CA /* View */,
				DEC245BF2906FE0B0035B9CA /* ViewModel */,
				DEC245B92906E0E00035B9CA /* NSManagedObject */,
			);
			path = CoreDataApp;
			sourceTree = "<group>";
		};
		DEC245B92906E0E00035B9CA /* NSManagedObject */ = {
			isa = PBXGroup;
			children = (
				DEC245C429070E3C0035B9CA /* Movie+CoreDataClass.swift */,
				DEC245C529070E3C0035B9CA /* Movie+CoreDataProperties.swift */,
				DEC245C129070E000035B9CA /* Actor+CoreDataProperties.swift */,
				DEC245C029070E000035B9CA /* Actor+CoreDataClass.swift */,
			);
			path = NSManagedObject;
			sourceTree = "<group>";
		};
		DEC245BE2906FE050035B9CA /* View */ = {
			isa = PBXGroup;
			children = (
				DEC245AE29069C2A0035B9CA /* CoreDataAppView.swift */,
				DEC245BA2906F8260035B9CA /* FilteredListView.swift */,
				DEC245BC2906FB4A0035B9CA /* MovieRowView.swift */,
				DEC245C82907112E0035B9CA /* MovieDetailsView.swift */,
				DEC245CA290720E90035B9CA /* AddActorsView.swift */,
			);
			path = View;
			sourceTree = "<group>";
		};
		DEC245BF2906FE0B0035B9CA /* ViewModel */ = {
			isa = PBXGroup;
			children = (
			);
			path = ViewModel;
			sourceTree = "<group>";
		};
		DEC245CC2907E52B0035B9CA /* InstaFilter */ = {
			isa = PBXGroup;
			children = (
				DEC245D02907E8AE0035B9CA /* View */,
				DEC245CF2907E8A20035B9CA /* ViewModel */,
				DEAFB0C8290947860082DA5D /* Service */,
			);
			path = InstaFilter;
			sourceTree = "<group>";
		};
		DEC245CF2907E8A20035B9CA /* ViewModel */ = {
			isa = PBXGroup;
			children = (
				DEC245D12907E8CB0035B9CA /* FilterViewModel.swift */,
				DEC245D329093AC80035B9CA /* ImageSaver.swift */,
			);
			path = ViewModel;
			sourceTree = "<group>";
		};
		DEC245D02907E8AE0035B9CA /* View */ = {
			isa = PBXGroup;
			children = (
				DEC245CD2907E54B0035B9CA /* InstaFilterAppView.swift */,
			);
			path = View;
			sourceTree = "<group>";
		};
		DEDE77C128FFF9B9000DADB3 /* HomePage */ = {
			isa = PBXGroup;
			children = (
				DEDE77C428FFF9E3000DADB3 /* View */,
				DEDE77C328FFF9DD000DADB3 /* ViewModel */,
				DEDE77C228FFF9D3000DADB3 /* Model */,
			);
			path = HomePage;
			sourceTree = "<group>";
		};
		DEDE77C228FFF9D3000DADB3 /* Model */ = {
			isa = PBXGroup;
			children = (
				DEDE77C528FFFC97000DADB3 /* Projects.swift */,
				DEDE77C829000224000DADB3 /* projects.json */,
			);
			path = Model;
			sourceTree = "<group>";
		};
		DEDE77C328FFF9DD000DADB3 /* ViewModel */ = {
			isa = PBXGroup;
			children = (
				DE020E8E2901416400F8D67D /* DataController.swift */,
				DEDE77CA2900029C000DADB3 /* ProjectsViewModel.swift */,
			);
			path = ViewModel;
			sourceTree = "<group>";
		};
		DEDE77C428FFF9E3000DADB3 /* View */ = {
			isa = PBXGroup;
			children = (
				DE321EBE28E72C60006A74E0 /* HomeView.swift */,
				DE321EBC28E72B97006A74E0 /* ProjectListView.swift */,
			);
			path = View;
			sourceTree = "<group>";
		};
		DEDE77CC290026AF000DADB3 /* CupcakeCorner */ = {
			isa = PBXGroup;
			children = (
				DEDE77D329002731000DADB3 /* View */,
				DEDE77D229002729000DADB3 /* ViewModel */,
				DEDE77D129002721000DADB3 /* Model */,
			);
			path = CupcakeCorner;
			sourceTree = "<group>";
		};
		DEDE77D129002721000DADB3 /* Model */ = {
			isa = PBXGroup;
			children = (
			);
			path = Model;
			sourceTree = "<group>";
		};
		DEDE77D229002729000DADB3 /* ViewModel */ = {
			isa = PBXGroup;
			children = (
				DEDE77D429002742000DADB3 /* Order.swift */,
			);
			path = ViewModel;
			sourceTree = "<group>";
		};
		DEDE77D329002731000DADB3 /* View */ = {
			isa = PBXGroup;
			children = (
				DEDE77CD290026D5000DADB3 /* CupcakeCornerAppView.swift */,
				DEDE77CF290026EF000DADB3 /* AddressView.swift */,
				DEDE77D629002968000DADB3 /* CheckoutView.swift */,
			);
			path = View;
			sourceTree = "<group>";
		};
		DEF4FB8F28EC279B00BDB191 /* ViewsAndModifiers */ = {
			isa = PBXGroup;
			children = (
				DEF4FB9928EC73AA00BDB191 /* GridMagnificationEffect */,
				DEF4FB9828EC739100BDB191 /* GeometryReaderAnimation */,
				DE0E647C28EDD96D00E916D2 /* ViewsModifierView.swift */,
			);
			path = ViewsAndModifiers;
			sourceTree = "<group>";
		};
		DEF4FB9828EC739100BDB191 /* GeometryReaderAnimation */ = {
			isa = PBXGroup;
			children = (
				DEF4FB9628EC6B8600BDB191 /* GeometryReaderAnimationView.swift */,
				DEF4FB9A28EC74D400BDB191 /* FlagsCoordinateView.swift */,
			);
			path = GeometryReaderAnimation;
			sourceTree = "<group>";
		};
		DEF4FB9928EC73AA00BDB191 /* GridMagnificationEffect */ = {
			isa = PBXGroup;
			children = (
				DEF4FB9428EC283800BDB191 /* GridMaginificationEffectView.swift */,
				DE0E649228F01F9000E916D2 /* GridViewModel.swift */,
			);
			path = GridMagnificationEffect;
			sourceTree = "<group>";
		};
		DEF4FBA028ECCCD700BDB191 /* Component */ = {
			isa = PBXGroup;
			children = (
				DE020E9C2901634300F8D67D /* RatingView.swift */,
				DE020E9E290166D300F8D67D /* EmojiRatingView.swift */,
				DEF4FBA128ECCCF400BDB191 /* ExplanationView.swift */,
			);
			path = Component;
			sourceTree = "<group>";
		};
/* End PBXGroup section */

/* Begin PBXNativeTarget section */
		DE764C6628E6324E00ADE5B6 /* ProjectLibraryApp */ = {
			isa = PBXNativeTarget;
			buildConfigurationList = DE764C7528E6324F00ADE5B6 /* Build configuration list for PBXNativeTarget "ProjectLibraryApp" */;
			buildPhases = (
				DE764C6328E6324E00ADE5B6 /* Sources */,
				DE764C6428E6324E00ADE5B6 /* Frameworks */,
				DE764C6528E6324E00ADE5B6 /* Resources */,
			);
			buildRules = (
			);
			dependencies = (
			);
			name = ProjectLibraryApp;
			productName = ClimateArticlesOf2021FromNOAA_App;
			productReference = DE764C6728E6324E00ADE5B6 /* ProjectLibraryApp.app */;
			productType = "com.apple.product-type.application";
		};
/* End PBXNativeTarget section */

/* Begin PBXProject section */
		DE764C5F28E6324E00ADE5B6 /* Project object */ = {
			isa = PBXProject;
			attributes = {
				BuildIndependentTargetsInParallel = 1;
				LastSwiftUpdateCheck = 1400;
				LastUpgradeCheck = 1400;
				TargetAttributes = {
					DE764C6628E6324E00ADE5B6 = {
						CreatedOnToolsVersion = 14.0;
					};
				};
			};
			buildConfigurationList = DE764C6228E6324E00ADE5B6 /* Build configuration list for PBXProject "ProjectLibraryApp" */;
			compatibilityVersion = "Xcode 14.0";
			developmentRegion = en;
			hasScannedForEncodings = 0;
			knownRegions = (
				en,
				Base,
			);
			mainGroup = DE764C5E28E6324E00ADE5B6;
			productRefGroup = DE764C6828E6324E00ADE5B6 /* Products */;
			projectDirPath = "";
			projectRoot = "";
			targets = (
				DE764C6628E6324E00ADE5B6 /* ProjectLibraryApp */,
			);
		};
/* End PBXProject section */

/* Begin PBXResourcesBuildPhase section */
		DE764C6528E6324E00ADE5B6 /* Resources */ = {
			isa = PBXResourcesBuildPhase;
			buildActionMask = 2147483647;
			files = (
				DE764C7228E6324F00ADE5B6 /* Preview Assets.xcassets in Resources */,
				DEDE77C929000224000DADB3 /* projects.json in Resources */,
				DE6F068428F96349003AEE6F /* missions.json in Resources */,
				DE6F065A28F59165003AEE6F /* start.txt in Resources */,
				DE764C6F28E6324F00ADE5B6 /* Assets.xcassets in Resources */,
				DE6F068328F96349003AEE6F /* astronauts.json in Resources */,
			);
			runOnlyForDeploymentPostprocessing = 0;
		};
/* End PBXResourcesBuildPhase section */

/* Begin PBXSourcesBuildPhase section */
		DE764C6328E6324E00ADE5B6 /* Sources */ = {
			isa = PBXSourcesBuildPhase;
			buildActionMask = 2147483647;
			files = (
				DE0E647D28EDD96D00E916D2 /* ViewsModifierView.swift in Sources */,
				DEDE77D529002742000DADB3 /* Order.swift in Sources */,
				DEF4FB9B28EC74D400BDB191 /* FlagsCoordinateView.swift in Sources */,
				DEAFB0DC290AB8F40082DA5D /* Result.swift in Sources */,
				DE020E9D2901634300F8D67D /* RatingView.swift in Sources */,
				DE0696B328FD5AC50071EA9F /* DrawingAppView.swift in Sources */,
				DE6F067D28F882C9003AEE6F /* AddView.swift in Sources */,
				DE0E649128EF604F00E916D2 /* BetterRestMLViewModel.swift in Sources */,
				DEC245AF29069C2A0035B9CA /* CoreDataAppView.swift in Sources */,
				DE211A5128FC1CFA00B5F97B /* ListLayoutView.swift in Sources */,
				DEC245BD2906FB4A0035B9CA /* MovieRowView.swift in Sources */,
				DE6F069B28FB303F003AEE6F /* CrewRole.swift in Sources */,
				DEF4FB9528EC283800BDB191 /* GridMaginificationEffectView.swift in Sources */,
				DEB3DB1328F0E00300B75DD1 /* AnimalClassifier.mlpackage in Sources */,
				DE6F068D28FB0B91003AEE6F /* Color-Theme.swift in Sources */,
				DE6F068028F96319003AEE6F /* MoonshotAppView.swift in Sources */,
				DE6F065628F585EE003AEE6F /* WordScrambleView.swift in Sources */,
				DEC245C729070E3C0035B9CA /* Movie+CoreDataProperties.swift in Sources */,
				DE764C8728E6329300ADE5B6 /* ListRowView.swift in Sources */,
				DEAFB0DF290BCFB90082DA5D /* VoiceOverAppView.swift in Sources */,
				DE020EA32901836B00F8D67D /* BookwormViewModel.swift in Sources */,
				DE6F069428FB1BE4003AEE6F /* AstronautView.swift in Sources */,
				DEDE77C028FFF02F000DADB3 /* Explanation.swift in Sources */,
				DEDE77CE290026D5000DADB3 /* CupcakeCornerAppView.swift in Sources */,
				DEDE77B828FF1D95000DADB3 /* ColorCyclingCircle.swift in Sources */,
				DE321EBF28E72C60006A74E0 /* HomeView.swift in Sources */,
				DE020EA12901691000F8D67D /* BookDetailView.swift in Sources */,
				DE020E9B29015DDA00F8D67D /* BookwormAppView.swift in Sources */,
				DE0696B528FDABEF0071EA9F /* Spirograph.swift in Sources */,
				DE0E648C28EF271500E916D2 /* SleepCalculator.mlmodel in Sources */,
				DE305EC028F04D7E002FD76F /* TipModel.swift in Sources */,
				DE0696BA28FDACB50071EA9F /* SpirographView.swift in Sources */,
				DEDE77B228FF0FA5000DADB3 /* BlendingColorsView.swift in Sources */,
				DE764C8428E6329300ADE5B6 /* Articles_Tab_View.swift in Sources */,
				DEC245C629070E3C0035B9CA /* Movie+CoreDataClass.swift in Sources */,
				DEDE77BC28FF2899000DADB3 /* CheckerBoard.swift in Sources */,
				DE764C8828E6329300ADE5B6 /* ClimateArticlesView.swift in Sources */,
				DEF4FBA428ECD0F100BDB191 /* CustomizedButton.swift in Sources */,
				DE020E9F290166D300F8D67D /* EmojiRatingView.swift in Sources */,
				DEAFB0D0290A77AA0082DA5D /* User.swift in Sources */,
				DE764C8A28E6329300ADE5B6 /* Article.swift in Sources */,
				DEC245D22907E8CB0035B9CA /* FilterViewModel.swift in Sources */,
				DE6F065F28F6BCC7003AEE6F /* ScrambleGameView.swift in Sources */,
				DEC245C229070E000035B9CA /* Actor+CoreDataClass.swift in Sources */,
				DE6F067928F87DBA003AEE6F /* Expenses.swift in Sources */,
				DEAFB0D4290A78650082DA5D /* BucketListAppView.swift in Sources */,
				DEC245CE2907E54B0035B9CA /* InstaFilterAppView.swift in Sources */,
				DEDE77D0290026EF000DADB3 /* AddressView.swift in Sources */,
				DE6F068828F9682F003AEE6F /* Bundle_Decodable.swift in Sources */,
				DEAFB0D6290AA1070082DA5D /* MapView.swift in Sources */,
				DE305EBB28F04137002FD76F /* URLLinkViewModifier.swift in Sources */,
				DE305EBE28F04AC2002FD76F /* IVAModel.swift in Sources */,
				DE6F065028F42996003AEE6F /* ClassifierQuestionView.swift in Sources */,
				DE0E648228EEE67600E916D2 /* BetterRestView.swift in Sources */,
				DEAFB0D8290AA7D50082DA5D /* Location.swift in Sources */,
				DEAFB0E1290BECF90082DA5D /* FileManager.swift in Sources */,
				DEAFB0D2290A77DD0082DA5D /* ListViewModel.swift in Sources */,
				DE6F066A28F74C4A003AEE6F /* SnakAnimationView.swift in Sources */,
				DEDE77D729002968000DADB3 /* CheckoutView.swift in Sources */,
				DE6F066E28F755C8003AEE6F /* CircleAnimationView.swift in Sources */,
				DEC245D429093AC80035B9CA /* ImageSaver.swift in Sources */,
				DE764C8928E6329300ADE5B6 /* ArticleListViewModel.swift in Sources */,
				DE0E649328F01F9000E916D2 /* GridViewModel.swift in Sources */,
				DEDE77B628FF1B28000DADB3 /* FlowerShapeView.swift in Sources */,
				DEAFB0E3290BF4AA0082DA5D /* NewUserView.swift in Sources */,
				DE6F069D28FB3181003AEE6F /* MissionViewModel.swift in Sources */,
				DEDE77CB2900029C000DADB3 /* ProjectsViewModel.swift in Sources */,
				DE6F068F28FB0E4A003AEE6F /* MissionView.swift in Sources */,
				DEB3DB0B28F0CD1400B75DD1 /* ResultView.swift in Sources */,
				DE211A4F28FC1C1500B5F97B /* GridLayoutView.swift in Sources */,
				DE6F067728F87D89003AEE6F /* ExpenseItem.swift in Sources */,
				DE6F067028F75859003AEE6F /* ScaleEffectAnimationView.swift in Sources */,
				DE6F066228F714ED003AEE6F /* AnimationProjectView.swift in Sources */,
				DE020E992901588100F8D67D /* AddBookView.swift in Sources */,
				DEC245C92907112E0035B9CA /* MovieDetailsView.swift in Sources */,
				DEB3DB0428F096E000B75DD1 /* ClassifierViewModel.swift in Sources */,
				DE6F067B28F87E43003AEE6F /* ExpenseManagerView.swift in Sources */,
				DE020E95290157A100F8D67D /* ProjectLibrary.xcdatamodeld in Sources */,
				DEC245CB290720E90035B9CA /* AddActorsView.swift in Sources */,
				DEDE77B428FF18AF000DADB3 /* Flower.swift in Sources */,
				DE6F06A028FB401F003AEE6F /* CrewMember.swift in Sources */,
				DE6F066628F72C56003AEE6F /* CornerRotateModifier.swift in Sources */,
				DE6F066828F7468E003AEE6F /* TransitionAnimationView.swift in Sources */,
				DEDE77C628FFFC97000DADB3 /* Projects.swift in Sources */,
				DE6F066C28F74D63003AEE6F /* CornerAnimationView.swift in Sources */,
				DEAFB0DA290AAA390082DA5D /* LocationView.swift in Sources */,
				DE6F065828F5870D003AEE6F /* WordViewModel.swift in Sources */,
				DE764C8628E6329300ADE5B6 /* Articles_Table_View.swift in Sources */,
				DEF4FBA228ECCCF400BDB191 /* ExplanationView.swift in Sources */,
				DE321EDE28EB441D006A74E0 /* FlagGameView.swift in Sources */,
				DEF4FB9728EC6B8600BDB191 /* GeometryReaderAnimationView.swift in Sources */,
				DE764C8328E6329300ADE5B6 /* ArticleView.swift in Sources */,
				DEB3DB0928F0B90100B75DD1 /* ResultViewModel.swift in Sources */,
				DE321EDA28EB42FC006A74E0 /* GuessTheFlagView.swift in Sources */,
				DE305EC728F05FDB002FD76F /* GuessViewModel.swift in Sources */,
				DE305EB928F03FA8002FD76F /* CalculatorViewModel.swift in Sources */,
				DEC245C329070E000035B9CA /* Actor+CoreDataProperties.swift in Sources */,
				DE305EC528F05D11002FD76F /* FlagModel.swift in Sources */,
				DE6F069928FB2E8D003AEE6F /* CrewView.swift in Sources */,
				DE321EBD28E72B97006A74E0 /* ProjectListView.swift in Sources */,
				DE321EC328E7465D006A74E0 /* WeSplitProjectView.swift in Sources */,
				DE6F06A228FB43A5003AEE6F /* SeparatorComponent.swift in Sources */,
				DE764C6B28E6324E00ADE5B6 /* ProjectLibraryApp.swift in Sources */,
				DEB3DB1528F41E3900B75DD1 /* AnimalClassifierView.swift in Sources */,
				DEDE77BE28FF2948000DADB3 /* AnimatablePairView.swift in Sources */,
				DE020E8A2901412C00F8D67D /* StudentsAppView.swift in Sources */,
				DEF4FB9F28ECCB1800BDB191 /* FlagView.swift in Sources */,
				DEAFB0CA290947B20082DA5D /* ImagePickerService.swift in Sources */,
				DEC245BB2906F8260035B9CA /* FilteredListView.swift in Sources */,
				DE6F067228F75957003AEE6F /* DragAnimationModifier.swift in Sources */,
				DE6F067428F8090D003AEE6F /* Rotation360Modifier.swift in Sources */,
				DE020E8F2901416400F8D67D /* DataController.swift in Sources */,
				DEB3DB0228F0914600B75DD1 /* View.swift in Sources */,
				DEDE77BA28FF1E63000DADB3 /* ColorCyclingView.swift in Sources */,
				DE6F068A28F96C79003AEE6F /* Mission.swift in Sources */,
				DE6F068628F9640B003AEE6F /* Astronauts.swift in Sources */,
			);
			runOnlyForDeploymentPostprocessing = 0;
		};
/* End PBXSourcesBuildPhase section */

/* Begin XCBuildConfiguration section */
		DE764C7328E6324F00ADE5B6 /* Debug */ = {
			isa = XCBuildConfiguration;
			buildSettings = {
				ALWAYS_SEARCH_USER_PATHS = NO;
				CLANG_ANALYZER_NONNULL = YES;
				CLANG_ANALYZER_NUMBER_OBJECT_CONVERSION = YES_AGGRESSIVE;
				CLANG_CXX_LANGUAGE_STANDARD = "gnu++20";
				CLANG_ENABLE_MODULES = YES;
				CLANG_ENABLE_OBJC_ARC = YES;
				CLANG_ENABLE_OBJC_WEAK = YES;
				CLANG_WARN_BLOCK_CAPTURE_AUTORELEASING = YES;
				CLANG_WARN_BOOL_CONVERSION = YES;
				CLANG_WARN_COMMA = YES;
				CLANG_WARN_CONSTANT_CONVERSION = YES;
				CLANG_WARN_DEPRECATED_OBJC_IMPLEMENTATIONS = YES;
				CLANG_WARN_DIRECT_OBJC_ISA_USAGE = YES_ERROR;
				CLANG_WARN_DOCUMENTATION_COMMENTS = YES;
				CLANG_WARN_EMPTY_BODY = YES;
				CLANG_WARN_ENUM_CONVERSION = YES;
				CLANG_WARN_INFINITE_RECURSION = YES;
				CLANG_WARN_INT_CONVERSION = YES;
				CLANG_WARN_NON_LITERAL_NULL_CONVERSION = YES;
				CLANG_WARN_OBJC_IMPLICIT_RETAIN_SELF = YES;
				CLANG_WARN_OBJC_LITERAL_CONVERSION = YES;
				CLANG_WARN_OBJC_ROOT_CLASS = YES_ERROR;
				CLANG_WARN_QUOTED_INCLUDE_IN_FRAMEWORK_HEADER = YES;
				CLANG_WARN_RANGE_LOOP_ANALYSIS = YES;
				CLANG_WARN_STRICT_PROTOTYPES = YES;
				CLANG_WARN_SUSPICIOUS_MOVE = YES;
				CLANG_WARN_UNGUARDED_AVAILABILITY = YES_AGGRESSIVE;
				CLANG_WARN_UNREACHABLE_CODE = YES;
				CLANG_WARN__DUPLICATE_METHOD_MATCH = YES;
				COPY_PHASE_STRIP = NO;
				DEBUG_INFORMATION_FORMAT = dwarf;
				ENABLE_STRICT_OBJC_MSGSEND = YES;
				ENABLE_TESTABILITY = YES;
				GCC_C_LANGUAGE_STANDARD = gnu11;
				GCC_DYNAMIC_NO_PIC = NO;
				GCC_NO_COMMON_BLOCKS = YES;
				GCC_OPTIMIZATION_LEVEL = 0;
				GCC_PREPROCESSOR_DEFINITIONS = (
					"DEBUG=1",
					"$(inherited)",
				);
				GCC_WARN_64_TO_32_BIT_CONVERSION = YES;
				GCC_WARN_ABOUT_RETURN_TYPE = YES_ERROR;
				GCC_WARN_UNDECLARED_SELECTOR = YES;
				GCC_WARN_UNINITIALIZED_AUTOS = YES_AGGRESSIVE;
				GCC_WARN_UNUSED_FUNCTION = YES;
				GCC_WARN_UNUSED_VARIABLE = YES;
				IPHONEOS_DEPLOYMENT_TARGET = 16.0;
				MTL_ENABLE_DEBUG_INFO = INCLUDE_SOURCE;
				MTL_FAST_MATH = YES;
				ONLY_ACTIVE_ARCH = YES;
				SDKROOT = iphoneos;
				SWIFT_ACTIVE_COMPILATION_CONDITIONS = DEBUG;
				SWIFT_OPTIMIZATION_LEVEL = "-Onone";
			};
			name = Debug;
		};
		DE764C7428E6324F00ADE5B6 /* Release */ = {
			isa = XCBuildConfiguration;
			buildSettings = {
				ALWAYS_SEARCH_USER_PATHS = NO;
				CLANG_ANALYZER_NONNULL = YES;
				CLANG_ANALYZER_NUMBER_OBJECT_CONVERSION = YES_AGGRESSIVE;
				CLANG_CXX_LANGUAGE_STANDARD = "gnu++20";
				CLANG_ENABLE_MODULES = YES;
				CLANG_ENABLE_OBJC_ARC = YES;
				CLANG_ENABLE_OBJC_WEAK = YES;
				CLANG_WARN_BLOCK_CAPTURE_AUTORELEASING = YES;
				CLANG_WARN_BOOL_CONVERSION = YES;
				CLANG_WARN_COMMA = YES;
				CLANG_WARN_CONSTANT_CONVERSION = YES;
				CLANG_WARN_DEPRECATED_OBJC_IMPLEMENTATIONS = YES;
				CLANG_WARN_DIRECT_OBJC_ISA_USAGE = YES_ERROR;
				CLANG_WARN_DOCUMENTATION_COMMENTS = YES;
				CLANG_WARN_EMPTY_BODY = YES;
				CLANG_WARN_ENUM_CONVERSION = YES;
				CLANG_WARN_INFINITE_RECURSION = YES;
				CLANG_WARN_INT_CONVERSION = YES;
				CLANG_WARN_NON_LITERAL_NULL_CONVERSION = YES;
				CLANG_WARN_OBJC_IMPLICIT_RETAIN_SELF = YES;
				CLANG_WARN_OBJC_LITERAL_CONVERSION = YES;
				CLANG_WARN_OBJC_ROOT_CLASS = YES_ERROR;
				CLANG_WARN_QUOTED_INCLUDE_IN_FRAMEWORK_HEADER = YES;
				CLANG_WARN_RANGE_LOOP_ANALYSIS = YES;
				CLANG_WARN_STRICT_PROTOTYPES = YES;
				CLANG_WARN_SUSPICIOUS_MOVE = YES;
				CLANG_WARN_UNGUARDED_AVAILABILITY = YES_AGGRESSIVE;
				CLANG_WARN_UNREACHABLE_CODE = YES;
				CLANG_WARN__DUPLICATE_METHOD_MATCH = YES;
				COPY_PHASE_STRIP = NO;
				DEBUG_INFORMATION_FORMAT = "dwarf-with-dsym";
				ENABLE_NS_ASSERTIONS = NO;
				ENABLE_STRICT_OBJC_MSGSEND = YES;
				GCC_C_LANGUAGE_STANDARD = gnu11;
				GCC_NO_COMMON_BLOCKS = YES;
				GCC_WARN_64_TO_32_BIT_CONVERSION = YES;
				GCC_WARN_ABOUT_RETURN_TYPE = YES_ERROR;
				GCC_WARN_UNDECLARED_SELECTOR = YES;
				GCC_WARN_UNINITIALIZED_AUTOS = YES_AGGRESSIVE;
				GCC_WARN_UNUSED_FUNCTION = YES;
				GCC_WARN_UNUSED_VARIABLE = YES;
				IPHONEOS_DEPLOYMENT_TARGET = 16.0;
				MTL_ENABLE_DEBUG_INFO = NO;
				MTL_FAST_MATH = YES;
				SDKROOT = iphoneos;
				SWIFT_COMPILATION_MODE = wholemodule;
				SWIFT_OPTIMIZATION_LEVEL = "-O";
				VALIDATE_PRODUCT = YES;
			};
			name = Release;
		};
		DE764C7628E6324F00ADE5B6 /* Debug */ = {
			isa = XCBuildConfiguration;
			buildSettings = {
				ASSETCATALOG_COMPILER_APPICON_NAME = AppIcon;
				ASSETCATALOG_COMPILER_GLOBAL_ACCENT_COLOR_NAME = AccentColor;
				CODE_SIGN_STYLE = Automatic;
				CURRENT_PROJECT_VERSION = 1;
				DEVELOPMENT_ASSET_PATHS = "\"ProjectLibraryApp/Preview Content\"";
				ENABLE_PREVIEWS = YES;
				GENERATE_INFOPLIST_FILE = YES;
				INFOPLIST_KEY_NSFaceIDUsageDescription = "We need to unlock your data.";
				INFOPLIST_KEY_NSPhotoLibraryAddUsageDescription = "We want to save your filtered photo.";
				INFOPLIST_KEY_UIApplicationSceneManifest_Generation = YES;
				INFOPLIST_KEY_UIApplicationSupportsIndirectInputEvents = YES;
				INFOPLIST_KEY_UILaunchScreen_Generation = YES;
				INFOPLIST_KEY_UISupportedInterfaceOrientations_iPad = "UIInterfaceOrientationPortrait UIInterfaceOrientationPortraitUpsideDown UIInterfaceOrientationLandscapeLeft UIInterfaceOrientationLandscapeRight";
				INFOPLIST_KEY_UISupportedInterfaceOrientations_iPhone = "UIInterfaceOrientationPortrait UIInterfaceOrientationLandscapeLeft UIInterfaceOrientationLandscapeRight";
				LD_RUNPATH_SEARCH_PATHS = (
					"$(inherited)",
					"@executable_path/Frameworks",
				);
				MARKETING_VERSION = 1.0;
				PRODUCT_BUNDLE_IDENTIFIER = "com.techeagle.ClimateArticlesOf2021FromNOAA-App";
				PRODUCT_NAME = "$(TARGET_NAME)";
				SWIFT_EMIT_LOC_STRINGS = YES;
				SWIFT_VERSION = 5.0;
				TARGETED_DEVICE_FAMILY = "1,2";
			};
			name = Debug;
		};
		DE764C7728E6324F00ADE5B6 /* Release */ = {
			isa = XCBuildConfiguration;
			buildSettings = {
				ASSETCATALOG_COMPILER_APPICON_NAME = AppIcon;
				ASSETCATALOG_COMPILER_GLOBAL_ACCENT_COLOR_NAME = AccentColor;
				CODE_SIGN_STYLE = Automatic;
				CURRENT_PROJECT_VERSION = 1;
				DEVELOPMENT_ASSET_PATHS = "\"ProjectLibraryApp/Preview Content\"";
				ENABLE_PREVIEWS = YES;
				GENERATE_INFOPLIST_FILE = YES;
				INFOPLIST_KEY_NSFaceIDUsageDescription = "We need to unlock your data.";
				INFOPLIST_KEY_NSPhotoLibraryAddUsageDescription = "We want to save your filtered photo.";
				INFOPLIST_KEY_UIApplicationSceneManifest_Generation = YES;
				INFOPLIST_KEY_UIApplicationSupportsIndirectInputEvents = YES;
				INFOPLIST_KEY_UILaunchScreen_Generation = YES;
				INFOPLIST_KEY_UISupportedInterfaceOrientations_iPad = "UIInterfaceOrientationPortrait UIInterfaceOrientationPortraitUpsideDown UIInterfaceOrientationLandscapeLeft UIInterfaceOrientationLandscapeRight";
				INFOPLIST_KEY_UISupportedInterfaceOrientations_iPhone = "UIInterfaceOrientationPortrait UIInterfaceOrientationLandscapeLeft UIInterfaceOrientationLandscapeRight";
				LD_RUNPATH_SEARCH_PATHS = (
					"$(inherited)",
					"@executable_path/Frameworks",
				);
				MARKETING_VERSION = 1.0;
				PRODUCT_BUNDLE_IDENTIFIER = "com.techeagle.ClimateArticlesOf2021FromNOAA-App";
				PRODUCT_NAME = "$(TARGET_NAME)";
				SWIFT_EMIT_LOC_STRINGS = YES;
				SWIFT_VERSION = 5.0;
				TARGETED_DEVICE_FAMILY = "1,2";
			};
			name = Release;
		};
/* End XCBuildConfiguration section */

/* Begin XCConfigurationList section */
		DE764C6228E6324E00ADE5B6 /* Build configuration list for PBXProject "ProjectLibraryApp" */ = {
			isa = XCConfigurationList;
			buildConfigurations = (
				DE764C7328E6324F00ADE5B6 /* Debug */,
				DE764C7428E6324F00ADE5B6 /* Release */,
			);
			defaultConfigurationIsVisible = 0;
			defaultConfigurationName = Release;
		};
		DE764C7528E6324F00ADE5B6 /* Build configuration list for PBXNativeTarget "ProjectLibraryApp" */ = {
			isa = XCConfigurationList;
			buildConfigurations = (
				DE764C7628E6324F00ADE5B6 /* Debug */,
				DE764C7728E6324F00ADE5B6 /* Release */,
			);
			defaultConfigurationIsVisible = 0;
			defaultConfigurationName = Release;
		};
/* End XCConfigurationList section */

/* Begin XCVersionGroup section */
		DE020E93290157A000F8D67D /* ProjectLibrary.xcdatamodeld */ = {
			isa = XCVersionGroup;
			children = (
				DE020E94290157A100F8D67D /* ProjectLibrary.xcdatamodel */,
			);
			currentVersion = DE020E94290157A100F8D67D /* ProjectLibrary.xcdatamodel */;
			path = ProjectLibrary.xcdatamodeld;
			sourceTree = "<group>";
			versionGroupType = wrapper.xcdatamodel;
		};
/* End XCVersionGroup section */
	};
	rootObject = DE764C5F28E6324E00ADE5B6 /* Project object */;
}
