// !$*UTF8*$!
{
	archiveVersion = 1;
	classes = {
	};
	objectVersion = 56;
	objects = {

/* Begin PBXBuildFile section */
		DE0E647D28EDD96D00E916D2 /* ViewsModifierView.swift in Sources */ = {isa = PBXBuildFile; fileRef = DE0E647C28EDD96D00E916D2 /* ViewsModifierView.swift */; };
		DE0E648028EEE4A300E916D2 /* FirstBetterRestView.swift in Sources */ = {isa = PBXBuildFile; fileRef = DE0E647F28EEE4A300E916D2 /* FirstBetterRestView.swift */; };
		DE0E648228EEE67600E916D2 /* BetterRestProjectView.swift in Sources */ = {isa = PBXBuildFile; fileRef = DE0E648128EEE67600E916D2 /* BetterRestProjectView.swift */; };
		DE0E648C28EF271500E916D2 /* SleepCalculator.mlmodel in Sources */ = {isa = PBXBuildFile; fileRef = DE0E648B28EF271500E916D2 /* SleepCalculator.mlmodel */; };
		DE0E649128EF604F00E916D2 /* BetterRestMLViewModel.swift in Sources */ = {isa = PBXBuildFile; fileRef = DE0E649028EF604F00E916D2 /* BetterRestMLViewModel.swift */; };
		DE0E649328F01F9000E916D2 /* GridViewModel.swift in Sources */ = {isa = PBXBuildFile; fileRef = DE0E649228F01F9000E916D2 /* GridViewModel.swift */; };
		DE305EB928F03FA8002FD76F /* CalculatorViewModel.swift in Sources */ = {isa = PBXBuildFile; fileRef = DE305EB828F03FA8002FD76F /* CalculatorViewModel.swift */; };
		DE305EBB28F04137002FD76F /* URLLinkViewModifier.swift in Sources */ = {isa = PBXBuildFile; fileRef = DE305EBA28F04137002FD76F /* URLLinkViewModifier.swift */; };
		DE305EBE28F04AC2002FD76F /* IVAModel.swift in Sources */ = {isa = PBXBuildFile; fileRef = DE305EBD28F04AC2002FD76F /* IVAModel.swift */; };
		DE305EC028F04D7E002FD76F /* TipModel.swift in Sources */ = {isa = PBXBuildFile; fileRef = DE305EBF28F04D7E002FD76F /* TipModel.swift */; };
		DE305EC528F05D11002FD76F /* FlagModel.swift in Sources */ = {isa = PBXBuildFile; fileRef = DE305EC428F05D11002FD76F /* FlagModel.swift */; };
		DE305EC728F05FDB002FD76F /* GuessViewModel.swift in Sources */ = {isa = PBXBuildFile; fileRef = DE305EC628F05FDB002FD76F /* GuessViewModel.swift */; };
		DE321EB928E7282E006A74E0 /* FirstPageView.swift in Sources */ = {isa = PBXBuildFile; fileRef = DE321EB828E7282E006A74E0 /* FirstPageView.swift */; };
		DE321EBB28E72ADD006A74E0 /* FirstWeSplitView.swift in Sources */ = {isa = PBXBuildFile; fileRef = DE321EBA28E72ADD006A74E0 /* FirstWeSplitView.swift */; };
		DE321EBD28E72B97006A74E0 /* ProjectListView.swift in Sources */ = {isa = PBXBuildFile; fileRef = DE321EBC28E72B97006A74E0 /* ProjectListView.swift */; };
		DE321EBF28E72C60006A74E0 /* HomeView.swift in Sources */ = {isa = PBXBuildFile; fileRef = DE321EBE28E72C60006A74E0 /* HomeView.swift */; };
		DE321EC328E7465D006A74E0 /* WeSplitProjectView.swift in Sources */ = {isa = PBXBuildFile; fileRef = DE321EC228E7465D006A74E0 /* WeSplitProjectView.swift */; };
		DE321EDA28EB42FC006A74E0 /* FirstGuessTheFlagView.swift in Sources */ = {isa = PBXBuildFile; fileRef = DE321ED928EB42FC006A74E0 /* FirstGuessTheFlagView.swift */; };
		DE321EDE28EB441D006A74E0 /* GuessTheFlagProjectView.swift in Sources */ = {isa = PBXBuildFile; fileRef = DE321EDD28EB441D006A74E0 /* GuessTheFlagProjectView.swift */; };
		DE6F065028F42996003AEE6F /* ClassifierQuestionView.swift in Sources */ = {isa = PBXBuildFile; fileRef = DE6F064F28F42996003AEE6F /* ClassifierQuestionView.swift */; };
		DE6F065628F585EE003AEE6F /* WordScrambleView.swift in Sources */ = {isa = PBXBuildFile; fileRef = DE6F065528F585EE003AEE6F /* WordScrambleView.swift */; };
		DE6F065828F5870D003AEE6F /* WordService.swift in Sources */ = {isa = PBXBuildFile; fileRef = DE6F065728F5870D003AEE6F /* WordService.swift */; };
		DE6F065A28F59165003AEE6F /* start.txt in Resources */ = {isa = PBXBuildFile; fileRef = DE6F065928F59165003AEE6F /* start.txt */; };
		DE764C6B28E6324E00ADE5B6 /* AllProjectsApp.swift in Sources */ = {isa = PBXBuildFile; fileRef = DE764C6A28E6324E00ADE5B6 /* AllProjectsApp.swift */; };
		DE764C6F28E6324F00ADE5B6 /* Assets.xcassets in Resources */ = {isa = PBXBuildFile; fileRef = DE764C6E28E6324F00ADE5B6 /* Assets.xcassets */; };
		DE764C7228E6324F00ADE5B6 /* Preview Assets.xcassets in Resources */ = {isa = PBXBuildFile; fileRef = DE764C7128E6324F00ADE5B6 /* Preview Assets.xcassets */; };
		DE764C8328E6329300ADE5B6 /* ArticleView.swift in Sources */ = {isa = PBXBuildFile; fileRef = DE764C7928E6329300ADE5B6 /* ArticleView.swift */; };
		DE764C8428E6329300ADE5B6 /* Articles_Tab_View.swift in Sources */ = {isa = PBXBuildFile; fileRef = DE764C7A28E6329300ADE5B6 /* Articles_Tab_View.swift */; };
		DE764C8628E6329300ADE5B6 /* Articles_Table_View.swift in Sources */ = {isa = PBXBuildFile; fileRef = DE764C7C28E6329300ADE5B6 /* Articles_Table_View.swift */; };
		DE764C8728E6329300ADE5B6 /* ListCellView.swift in Sources */ = {isa = PBXBuildFile; fileRef = DE764C7D28E6329300ADE5B6 /* ListCellView.swift */; };
		DE764C8828E6329300ADE5B6 /* FirstClimateArticlesView.swift in Sources */ = {isa = PBXBuildFile; fileRef = DE764C7E28E6329300ADE5B6 /* FirstClimateArticlesView.swift */; };
		DE764C8928E6329300ADE5B6 /* ArticleListViewModel.swift in Sources */ = {isa = PBXBuildFile; fileRef = DE764C8028E6329300ADE5B6 /* ArticleListViewModel.swift */; };
		DE764C8A28E6329300ADE5B6 /* Article.swift in Sources */ = {isa = PBXBuildFile; fileRef = DE764C8228E6329300ADE5B6 /* Article.swift */; };
		DEB3DB0228F0914600B75DD1 /* View.swift in Sources */ = {isa = PBXBuildFile; fileRef = DEB3DB0128F0914600B75DD1 /* View.swift */; };
		DEB3DB0428F096E000B75DD1 /* ClassifierViewModel.swift in Sources */ = {isa = PBXBuildFile; fileRef = DEB3DB0328F096E000B75DD1 /* ClassifierViewModel.swift */; };
		DEB3DB0928F0B90100B75DD1 /* ResultViewModel.swift in Sources */ = {isa = PBXBuildFile; fileRef = DEB3DB0828F0B90100B75DD1 /* ResultViewModel.swift */; };
		DEB3DB0B28F0CD1400B75DD1 /* ResultView.swift in Sources */ = {isa = PBXBuildFile; fileRef = DEB3DB0A28F0CD1400B75DD1 /* ResultView.swift */; };
		DEB3DB1328F0E00300B75DD1 /* AnimalClassifier.mlpackage in Sources */ = {isa = PBXBuildFile; fileRef = DEB3DB1228F0E00300B75DD1 /* AnimalClassifier.mlpackage */; };
		DEB3DB1528F41E3900B75DD1 /* AnimalClassifierView.swift in Sources */ = {isa = PBXBuildFile; fileRef = DEB3DB1428F41E3900B75DD1 /* AnimalClassifierView.swift */; };
		DEF4FB9128EC27DA00BDB191 /* FirstViewsAndModifiersView.swift in Sources */ = {isa = PBXBuildFile; fileRef = DEF4FB9028EC27DA00BDB191 /* FirstViewsAndModifiersView.swift */; };
		DEF4FB9528EC283800BDB191 /* GridMaginificationEffectView.swift in Sources */ = {isa = PBXBuildFile; fileRef = DEF4FB9428EC283800BDB191 /* GridMaginificationEffectView.swift */; };
		DEF4FB9728EC6B8600BDB191 /* GeometryReaderAnimationView.swift in Sources */ = {isa = PBXBuildFile; fileRef = DEF4FB9628EC6B8600BDB191 /* GeometryReaderAnimationView.swift */; };
		DEF4FB9B28EC74D400BDB191 /* FlagsCoordinateView.swift in Sources */ = {isa = PBXBuildFile; fileRef = DEF4FB9A28EC74D400BDB191 /* FlagsCoordinateView.swift */; };
		DEF4FB9F28ECCB1800BDB191 /* FlagView.swift in Sources */ = {isa = PBXBuildFile; fileRef = DEF4FB9E28ECCB1800BDB191 /* FlagView.swift */; };
		DEF4FBA228ECCCF400BDB191 /* ExplanationView.swift in Sources */ = {isa = PBXBuildFile; fileRef = DEF4FBA128ECCCF400BDB191 /* ExplanationView.swift */; };
		DEF4FBA428ECD0F100BDB191 /* CustomizedButton.swift in Sources */ = {isa = PBXBuildFile; fileRef = DEF4FBA328ECD0F100BDB191 /* CustomizedButton.swift */; };
/* End PBXBuildFile section */

/* Begin PBXFileReference section */
		DE0E647C28EDD96D00E916D2 /* ViewsModifierView.swift */ = {isa = PBXFileReference; lastKnownFileType = sourcecode.swift; path = ViewsModifierView.swift; sourceTree = "<group>"; };
		DE0E647F28EEE4A300E916D2 /* FirstBetterRestView.swift */ = {isa = PBXFileReference; lastKnownFileType = sourcecode.swift; path = FirstBetterRestView.swift; sourceTree = "<group>"; };
		DE0E648128EEE67600E916D2 /* BetterRestProjectView.swift */ = {isa = PBXFileReference; lastKnownFileType = sourcecode.swift; path = BetterRestProjectView.swift; sourceTree = "<group>"; };
		DE0E648B28EF271500E916D2 /* SleepCalculator.mlmodel */ = {isa = PBXFileReference; lastKnownFileType = file.mlmodel; path = SleepCalculator.mlmodel; sourceTree = "<group>"; };
		DE0E649028EF604F00E916D2 /* BetterRestMLViewModel.swift */ = {isa = PBXFileReference; lastKnownFileType = sourcecode.swift; path = BetterRestMLViewModel.swift; sourceTree = "<group>"; };
		DE0E649228F01F9000E916D2 /* GridViewModel.swift */ = {isa = PBXFileReference; lastKnownFileType = sourcecode.swift; path = GridViewModel.swift; sourceTree = "<group>"; };
		DE305EB828F03FA8002FD76F /* CalculatorViewModel.swift */ = {isa = PBXFileReference; lastKnownFileType = sourcecode.swift; path = CalculatorViewModel.swift; sourceTree = "<group>"; };
		DE305EBA28F04137002FD76F /* URLLinkViewModifier.swift */ = {isa = PBXFileReference; lastKnownFileType = sourcecode.swift; path = URLLinkViewModifier.swift; sourceTree = "<group>"; };
		DE305EBD28F04AC2002FD76F /* IVAModel.swift */ = {isa = PBXFileReference; lastKnownFileType = sourcecode.swift; path = IVAModel.swift; sourceTree = "<group>"; };
		DE305EBF28F04D7E002FD76F /* TipModel.swift */ = {isa = PBXFileReference; lastKnownFileType = sourcecode.swift; path = TipModel.swift; sourceTree = "<group>"; };
		DE305EC428F05D11002FD76F /* FlagModel.swift */ = {isa = PBXFileReference; lastKnownFileType = sourcecode.swift; path = FlagModel.swift; sourceTree = "<group>"; };
		DE305EC628F05FDB002FD76F /* GuessViewModel.swift */ = {isa = PBXFileReference; lastKnownFileType = sourcecode.swift; path = GuessViewModel.swift; sourceTree = "<group>"; };
		DE321EB828E7282E006A74E0 /* FirstPageView.swift */ = {isa = PBXFileReference; lastKnownFileType = sourcecode.swift; path = FirstPageView.swift; sourceTree = "<group>"; };
		DE321EBA28E72ADD006A74E0 /* FirstWeSplitView.swift */ = {isa = PBXFileReference; lastKnownFileType = sourcecode.swift; path = FirstWeSplitView.swift; sourceTree = "<group>"; };
		DE321EBC28E72B97006A74E0 /* ProjectListView.swift */ = {isa = PBXFileReference; lastKnownFileType = sourcecode.swift; path = ProjectListView.swift; sourceTree = "<group>"; };
		DE321EBE28E72C60006A74E0 /* HomeView.swift */ = {isa = PBXFileReference; lastKnownFileType = sourcecode.swift; path = HomeView.swift; sourceTree = "<group>"; };
		DE321EC228E7465D006A74E0 /* WeSplitProjectView.swift */ = {isa = PBXFileReference; lastKnownFileType = sourcecode.swift; path = WeSplitProjectView.swift; sourceTree = "<group>"; };
		DE321ED928EB42FC006A74E0 /* FirstGuessTheFlagView.swift */ = {isa = PBXFileReference; lastKnownFileType = sourcecode.swift; path = FirstGuessTheFlagView.swift; sourceTree = "<group>"; };
		DE321EDD28EB441D006A74E0 /* GuessTheFlagProjectView.swift */ = {isa = PBXFileReference; lastKnownFileType = sourcecode.swift; path = GuessTheFlagProjectView.swift; sourceTree = "<group>"; };
		DE6F064F28F42996003AEE6F /* ClassifierQuestionView.swift */ = {isa = PBXFileReference; lastKnownFileType = sourcecode.swift; path = ClassifierQuestionView.swift; sourceTree = "<group>"; };
		DE6F065528F585EE003AEE6F /* WordScrambleView.swift */ = {isa = PBXFileReference; lastKnownFileType = sourcecode.swift; path = WordScrambleView.swift; sourceTree = "<group>"; };
		DE6F065728F5870D003AEE6F /* WordService.swift */ = {isa = PBXFileReference; lastKnownFileType = sourcecode.swift; path = WordService.swift; sourceTree = "<group>"; };
		DE6F065928F59165003AEE6F /* start.txt */ = {isa = PBXFileReference; fileEncoding = 4; lastKnownFileType = text; path = start.txt; sourceTree = "<group>"; };
		DE764C6728E6324E00ADE5B6 /* ProjectLibraryApp.app */ = {isa = PBXFileReference; explicitFileType = wrapper.application; includeInIndex = 0; path = ProjectLibraryApp.app; sourceTree = BUILT_PRODUCTS_DIR; };
		DE764C6A28E6324E00ADE5B6 /* AllProjectsApp.swift */ = {isa = PBXFileReference; lastKnownFileType = sourcecode.swift; path = AllProjectsApp.swift; sourceTree = "<group>"; };
		DE764C6E28E6324F00ADE5B6 /* Assets.xcassets */ = {isa = PBXFileReference; lastKnownFileType = folder.assetcatalog; path = Assets.xcassets; sourceTree = "<group>"; };
		DE764C7128E6324F00ADE5B6 /* Preview Assets.xcassets */ = {isa = PBXFileReference; lastKnownFileType = folder.assetcatalog; path = "Preview Assets.xcassets"; sourceTree = "<group>"; };
		DE764C7928E6329300ADE5B6 /* ArticleView.swift */ = {isa = PBXFileReference; fileEncoding = 4; lastKnownFileType = sourcecode.swift; path = ArticleView.swift; sourceTree = "<group>"; };
		DE764C7A28E6329300ADE5B6 /* Articles_Tab_View.swift */ = {isa = PBXFileReference; fileEncoding = 4; lastKnownFileType = sourcecode.swift; path = Articles_Tab_View.swift; sourceTree = "<group>"; };
		DE764C7C28E6329300ADE5B6 /* Articles_Table_View.swift */ = {isa = PBXFileReference; fileEncoding = 4; lastKnownFileType = sourcecode.swift; path = Articles_Table_View.swift; sourceTree = "<group>"; };
		DE764C7D28E6329300ADE5B6 /* ListCellView.swift */ = {isa = PBXFileReference; fileEncoding = 4; lastKnownFileType = sourcecode.swift; path = ListCellView.swift; sourceTree = "<group>"; };
		DE764C7E28E6329300ADE5B6 /* FirstClimateArticlesView.swift */ = {isa = PBXFileReference; fileEncoding = 4; indentWidth = 4; lastKnownFileType = sourcecode.swift; path = FirstClimateArticlesView.swift; sourceTree = "<group>"; };
		DE764C8028E6329300ADE5B6 /* ArticleListViewModel.swift */ = {isa = PBXFileReference; fileEncoding = 4; lastKnownFileType = sourcecode.swift; path = ArticleListViewModel.swift; sourceTree = "<group>"; };
		DE764C8228E6329300ADE5B6 /* Article.swift */ = {isa = PBXFileReference; fileEncoding = 4; lastKnownFileType = sourcecode.swift; path = Article.swift; sourceTree = "<group>"; };
		DEB3DB0128F0914600B75DD1 /* View.swift */ = {isa = PBXFileReference; lastKnownFileType = sourcecode.swift; path = View.swift; sourceTree = "<group>"; };
		DEB3DB0328F096E000B75DD1 /* ClassifierViewModel.swift */ = {isa = PBXFileReference; lastKnownFileType = sourcecode.swift; path = ClassifierViewModel.swift; sourceTree = "<group>"; };
		DEB3DB0828F0B90100B75DD1 /* ResultViewModel.swift */ = {isa = PBXFileReference; lastKnownFileType = sourcecode.swift; path = ResultViewModel.swift; sourceTree = "<group>"; };
		DEB3DB0A28F0CD1400B75DD1 /* ResultView.swift */ = {isa = PBXFileReference; lastKnownFileType = sourcecode.swift; path = ResultView.swift; sourceTree = "<group>"; };
		DEB3DB1228F0E00300B75DD1 /* AnimalClassifier.mlpackage */ = {isa = PBXFileReference; lastKnownFileType = folder.mlpackage; path = AnimalClassifier.mlpackage; sourceTree = "<group>"; };
		DEB3DB1428F41E3900B75DD1 /* AnimalClassifierView.swift */ = {isa = PBXFileReference; lastKnownFileType = sourcecode.swift; path = AnimalClassifierView.swift; sourceTree = "<group>"; };
		DEF4FB9028EC27DA00BDB191 /* FirstViewsAndModifiersView.swift */ = {isa = PBXFileReference; lastKnownFileType = sourcecode.swift; path = FirstViewsAndModifiersView.swift; sourceTree = "<group>"; };
		DEF4FB9428EC283800BDB191 /* GridMaginificationEffectView.swift */ = {isa = PBXFileReference; lastKnownFileType = sourcecode.swift; path = GridMaginificationEffectView.swift; sourceTree = "<group>"; };
		DEF4FB9628EC6B8600BDB191 /* GeometryReaderAnimationView.swift */ = {isa = PBXFileReference; lastKnownFileType = sourcecode.swift; path = GeometryReaderAnimationView.swift; sourceTree = "<group>"; };
		DEF4FB9A28EC74D400BDB191 /* FlagsCoordinateView.swift */ = {isa = PBXFileReference; lastKnownFileType = sourcecode.swift; path = FlagsCoordinateView.swift; sourceTree = "<group>"; };
		DEF4FB9E28ECCB1800BDB191 /* FlagView.swift */ = {isa = PBXFileReference; lastKnownFileType = sourcecode.swift; path = FlagView.swift; sourceTree = "<group>"; };
		DEF4FBA128ECCCF400BDB191 /* ExplanationView.swift */ = {isa = PBXFileReference; lastKnownFileType = sourcecode.swift; path = ExplanationView.swift; sourceTree = "<group>"; };
		DEF4FBA328ECD0F100BDB191 /* CustomizedButton.swift */ = {isa = PBXFileReference; lastKnownFileType = sourcecode.swift; path = CustomizedButton.swift; sourceTree = "<group>"; };
/* End PBXFileReference section */

/* Begin PBXFrameworksBuildPhase section */
		DE764C6428E6324E00ADE5B6 /* Frameworks */ = {
			isa = PBXFrameworksBuildPhase;
			buildActionMask = 2147483647;
			files = (
			);
			runOnlyForDeploymentPostprocessing = 0;
		};
/* End PBXFrameworksBuildPhase section */

/* Begin PBXGroup section */
		DE0E647B28EDD8C500E916D2 /* ViewsModifier */ = {
			isa = PBXGroup;
			children = (
				DE0E647C28EDD96D00E916D2 /* ViewsModifierView.swift */,
			);
			path = ViewsModifier;
			sourceTree = "<group>";
		};
		DE0E647E28EEE2E800E916D2 /* BetterRest */ = {
			isa = PBXGroup;
			children = (
				DEB3DAFC28F08DC900B75DD1 /* AnimalClassifier */,
				DE0E648F28EF600100E916D2 /* BetterRest */,
				DE0E647F28EEE4A300E916D2 /* FirstBetterRestView.swift */,
			);
			path = BetterRest;
			sourceTree = "<group>";
		};
		DE0E648F28EF600100E916D2 /* BetterRest */ = {
			isa = PBXGroup;
			children = (
				DE0E648128EEE67600E916D2 /* BetterRestProjectView.swift */,
				DE0E649028EF604F00E916D2 /* BetterRestMLViewModel.swift */,
				DE0E648B28EF271500E916D2 /* SleepCalculator.mlmodel */,
			);
			path = BetterRest;
			sourceTree = "<group>";
		};
		DE305EB628F03F67002FD76F /* View */ = {
			isa = PBXGroup;
			children = (
				DE321EBA28E72ADD006A74E0 /* FirstWeSplitView.swift */,
				DE321EC228E7465D006A74E0 /* WeSplitProjectView.swift */,
				DE305EBA28F04137002FD76F /* URLLinkViewModifier.swift */,
			);
			path = View;
			sourceTree = "<group>";
		};
		DE305EB728F03F70002FD76F /* ViewModel */ = {
			isa = PBXGroup;
			children = (
				DE305EB828F03FA8002FD76F /* CalculatorViewModel.swift */,
			);
			path = ViewModel;
			sourceTree = "<group>";
		};
		DE305EBC28F04A9D002FD76F /* Model */ = {
			isa = PBXGroup;
			children = (
				DE305EBF28F04D7E002FD76F /* TipModel.swift */,
				DE305EBD28F04AC2002FD76F /* IVAModel.swift */,
			);
			path = Model;
			sourceTree = "<group>";
		};
		DE305EC128F05CB3002FD76F /* ViewModel */ = {
			isa = PBXGroup;
			children = (
				DE305EC628F05FDB002FD76F /* GuessViewModel.swift */,
			);
			path = ViewModel;
			sourceTree = "<group>";
		};
		DE305EC228F05CC0002FD76F /* Model */ = {
			isa = PBXGroup;
			children = (
				DE305EC428F05D11002FD76F /* FlagModel.swift */,
			);
			path = Model;
			sourceTree = "<group>";
		};
		DE305EC328F05CC7002FD76F /* View */ = {
			isa = PBXGroup;
			children = (
				DE321ED928EB42FC006A74E0 /* FirstGuessTheFlagView.swift */,
				DE321EDD28EB441D006A74E0 /* GuessTheFlagProjectView.swift */,
				DEF4FB9E28ECCB1800BDB191 /* FlagView.swift */,
			);
			path = View;
			sourceTree = "<group>";
		};
		DE321EB628E72742006A74E0 /* ClimateArticles */ = {
			isa = PBXGroup;
			children = (
				DE764C7828E6329300ADE5B6 /* View */,
				DE764C7F28E6329300ADE5B6 /* ViewModel */,
				DE764C8128E6329300ADE5B6 /* Model */,
			);
			path = ClimateArticles;
			sourceTree = "<group>";
		};
		DE321EB728E72795006A74E0 /* WeSplit */ = {
			isa = PBXGroup;
			children = (
				DE305EB628F03F67002FD76F /* View */,
				DE305EB728F03F70002FD76F /* ViewModel */,
				DE305EBC28F04A9D002FD76F /* Model */,
			);
			path = WeSplit;
			sourceTree = "<group>";
		};
		DE321ED828EB3824006A74E0 /* GuessTheFlag */ = {
			isa = PBXGroup;
			children = (
				DE305EC328F05CC7002FD76F /* View */,
				DE305EC128F05CB3002FD76F /* ViewModel */,
				DE305EC228F05CC0002FD76F /* Model */,
			);
			path = GuessTheFlag;
			sourceTree = "<group>";
		};
		DE6F065428F56228003AEE6F /* WordScramble */ = {
			isa = PBXGroup;
			children = (
				DE6F065528F585EE003AEE6F /* WordScrambleView.swift */,
				DE6F065728F5870D003AEE6F /* WordService.swift */,
				DE6F065928F59165003AEE6F /* start.txt */,
			);
			path = WordScramble;
			sourceTree = "<group>";
		};
		DE764C5E28E6324E00ADE5B6 = {
			isa = PBXGroup;
			children = (
				DE764C6928E6324E00ADE5B6 /* ProjectLibraryApp */,
				DE764C6828E6324E00ADE5B6 /* Products */,
			);
			sourceTree = "<group>";
		};
		DE764C6828E6324E00ADE5B6 /* Products */ = {
			isa = PBXGroup;
			children = (
				DE764C6728E6324E00ADE5B6 /* ProjectLibraryApp.app */,
			);
			name = Products;
			sourceTree = "<group>";
		};
		DE764C6928E6324E00ADE5B6 /* ProjectLibraryApp */ = {
			isa = PBXGroup;
			children = (
				DE6F065428F56228003AEE6F /* WordScramble */,
				DE0E647E28EEE2E800E916D2 /* BetterRest */,
				DEF4FB8F28EC279B00BDB191 /* ViewsAndModifiers */,
				DE321ED828EB3824006A74E0 /* GuessTheFlag */,
				DE321EB628E72742006A74E0 /* ClimateArticles */,
				DE321EB728E72795006A74E0 /* WeSplit */,
				DEF4FBA028ECCCD700BDB191 /* Component */,
				DE321EBE28E72C60006A74E0 /* HomeView.swift */,
				DE321EBC28E72B97006A74E0 /* ProjectListView.swift */,
				DE321EB828E7282E006A74E0 /* FirstPageView.swift */,
				DE764C6A28E6324E00ADE5B6 /* AllProjectsApp.swift */,
				DE764C6E28E6324F00ADE5B6 /* Assets.xcassets */,
				DE764C7028E6324F00ADE5B6 /* Preview Content */,
			);
			path = ProjectLibraryApp;
			sourceTree = "<group>";
		};
		DE764C7028E6324F00ADE5B6 /* Preview Content */ = {
			isa = PBXGroup;
			children = (
				DE764C7128E6324F00ADE5B6 /* Preview Assets.xcassets */,
			);
			path = "Preview Content";
			sourceTree = "<group>";
		};
		DE764C7828E6329300ADE5B6 /* View */ = {
			isa = PBXGroup;
			children = (
				DE764C7928E6329300ADE5B6 /* ArticleView.swift */,
				DE764C7A28E6329300ADE5B6 /* Articles_Tab_View.swift */,
				DE764C7C28E6329300ADE5B6 /* Articles_Table_View.swift */,
				DE764C7D28E6329300ADE5B6 /* ListCellView.swift */,
				DE764C7E28E6329300ADE5B6 /* FirstClimateArticlesView.swift */,
			);
			path = View;
			sourceTree = "<group>";
		};
		DE764C7F28E6329300ADE5B6 /* ViewModel */ = {
			isa = PBXGroup;
			children = (
				DE764C8028E6329300ADE5B6 /* ArticleListViewModel.swift */,
			);
			path = ViewModel;
			sourceTree = "<group>";
		};
		DE764C8128E6329300ADE5B6 /* Model */ = {
			isa = PBXGroup;
			children = (
				DE764C8228E6329300ADE5B6 /* Article.swift */,
			);
			path = Model;
			sourceTree = "<group>";
		};
		DEB3DAFC28F08DC900B75DD1 /* AnimalClassifier */ = {
			isa = PBXGroup;
			children = (
				DEB3DB0728F0B8E800B75DD1 /* View */,
				DEB3DB0628F0B8E200B75DD1 /* ViewModel */,
				DEB3DB0528F0B8D800B75DD1 /* Model */,
			);
			path = AnimalClassifier;
			sourceTree = "<group>";
		};
		DEB3DB0528F0B8D800B75DD1 /* Model */ = {
			isa = PBXGroup;
			children = (
				DEB3DB1228F0E00300B75DD1 /* AnimalClassifier.mlpackage */,
			);
			path = Model;
			sourceTree = "<group>";
		};
		DEB3DB0628F0B8E200B75DD1 /* ViewModel */ = {
			isa = PBXGroup;
			children = (
				DEB3DB0828F0B90100B75DD1 /* ResultViewModel.swift */,
				DEB3DB0328F096E000B75DD1 /* ClassifierViewModel.swift */,
			);
			path = ViewModel;
			sourceTree = "<group>";
		};
		DEB3DB0728F0B8E800B75DD1 /* View */ = {
			isa = PBXGroup;
			children = (
				DEB3DB0128F0914600B75DD1 /* View.swift */,
				DEB3DB1428F41E3900B75DD1 /* AnimalClassifierView.swift */,
				DEB3DB0A28F0CD1400B75DD1 /* ResultView.swift */,
				DE6F064F28F42996003AEE6F /* ClassifierQuestionView.swift */,
			);
			path = View;
			sourceTree = "<group>";
		};
		DEF4FB8F28EC279B00BDB191 /* ViewsAndModifiers */ = {
			isa = PBXGroup;
			children = (
				DE0E647B28EDD8C500E916D2 /* ViewsModifier */,
				DEF4FB9928EC73AA00BDB191 /* GridMagnificationEffect */,
				DEF4FB9828EC739100BDB191 /* GeometryReaderAnimation */,
				DEF4FB9028EC27DA00BDB191 /* FirstViewsAndModifiersView.swift */,
			);
			path = ViewsAndModifiers;
			sourceTree = "<group>";
		};
		DEF4FB9828EC739100BDB191 /* GeometryReaderAnimation */ = {
			isa = PBXGroup;
			children = (
				DEF4FB9628EC6B8600BDB191 /* GeometryReaderAnimationView.swift */,
				DEF4FB9A28EC74D400BDB191 /* FlagsCoordinateView.swift */,
			);
			path = GeometryReaderAnimation;
			sourceTree = "<group>";
		};
		DEF4FB9928EC73AA00BDB191 /* GridMagnificationEffect */ = {
			isa = PBXGroup;
			children = (
				DEF4FB9428EC283800BDB191 /* GridMaginificationEffectView.swift */,
				DE0E649228F01F9000E916D2 /* GridViewModel.swift */,
			);
			path = GridMagnificationEffect;
			sourceTree = "<group>";
		};
		DEF4FBA028ECCCD700BDB191 /* Component */ = {
			isa = PBXGroup;
			children = (
				DEF4FBA128ECCCF400BDB191 /* ExplanationView.swift */,
				DEF4FBA328ECD0F100BDB191 /* CustomizedButton.swift */,
			);
			path = Component;
			sourceTree = "<group>";
		};
/* End PBXGroup section */

/* Begin PBXNativeTarget section */
		DE764C6628E6324E00ADE5B6 /* ProjectLibraryApp */ = {
			isa = PBXNativeTarget;
			buildConfigurationList = DE764C7528E6324F00ADE5B6 /* Build configuration list for PBXNativeTarget "ProjectLibraryApp" */;
			buildPhases = (
				DE764C6328E6324E00ADE5B6 /* Sources */,
				DE764C6428E6324E00ADE5B6 /* Frameworks */,
				DE764C6528E6324E00ADE5B6 /* Resources */,
			);
			buildRules = (
			);
			dependencies = (
			);
			name = ProjectLibraryApp;
			productName = ClimateArticlesOf2021FromNOAA_App;
			productReference = DE764C6728E6324E00ADE5B6 /* ProjectLibraryApp.app */;
			productType = "com.apple.product-type.application";
		};
/* End PBXNativeTarget section */

/* Begin PBXProject section */
		DE764C5F28E6324E00ADE5B6 /* Project object */ = {
			isa = PBXProject;
			attributes = {
				BuildIndependentTargetsInParallel = 1;
				LastSwiftUpdateCheck = 1400;
				LastUpgradeCheck = 1400;
				TargetAttributes = {
					DE764C6628E6324E00ADE5B6 = {
						CreatedOnToolsVersion = 14.0;
					};
				};
			};
			buildConfigurationList = DE764C6228E6324E00ADE5B6 /* Build configuration list for PBXProject "ProjectLibraryApp" */;
			compatibilityVersion = "Xcode 14.0";
			developmentRegion = en;
			hasScannedForEncodings = 0;
			knownRegions = (
				en,
				Base,
			);
			mainGroup = DE764C5E28E6324E00ADE5B6;
			productRefGroup = DE764C6828E6324E00ADE5B6 /* Products */;
			projectDirPath = "";
			projectRoot = "";
			targets = (
				DE764C6628E6324E00ADE5B6 /* ProjectLibraryApp */,
			);
		};
/* End PBXProject section */

/* Begin PBXResourcesBuildPhase section */
		DE764C6528E6324E00ADE5B6 /* Resources */ = {
			isa = PBXResourcesBuildPhase;
			buildActionMask = 2147483647;
			files = (
				DE764C7228E6324F00ADE5B6 /* Preview Assets.xcassets in Resources */,
				DE6F065A28F59165003AEE6F /* start.txt in Resources */,
				DE764C6F28E6324F00ADE5B6 /* Assets.xcassets in Resources */,
			);
			runOnlyForDeploymentPostprocessing = 0;
		};
/* End PBXResourcesBuildPhase section */

/* Begin PBXSourcesBuildPhase section */
		DE764C6328E6324E00ADE5B6 /* Sources */ = {
			isa = PBXSourcesBuildPhase;
			buildActionMask = 2147483647;
			files = (
				DE0E647D28EDD96D00E916D2 /* ViewsModifierView.swift in Sources */,
				DEF4FB9B28EC74D400BDB191 /* FlagsCoordinateView.swift in Sources */,
				DE0E649128EF604F00E916D2 /* BetterRestMLViewModel.swift in Sources */,
				DEF4FB9528EC283800BDB191 /* GridMaginificationEffectView.swift in Sources */,
				DEB3DB1328F0E00300B75DD1 /* AnimalClassifier.mlpackage in Sources */,
				DE6F065628F585EE003AEE6F /* WordScrambleView.swift in Sources */,
				DE764C8728E6329300ADE5B6 /* ListCellView.swift in Sources */,
				DE321EBF28E72C60006A74E0 /* HomeView.swift in Sources */,
				DE0E648C28EF271500E916D2 /* SleepCalculator.mlmodel in Sources */,
				DE305EC028F04D7E002FD76F /* TipModel.swift in Sources */,
				DE764C8428E6329300ADE5B6 /* Articles_Tab_View.swift in Sources */,
				DE764C8828E6329300ADE5B6 /* FirstClimateArticlesView.swift in Sources */,
				DEF4FBA428ECD0F100BDB191 /* CustomizedButton.swift in Sources */,
				DE764C8A28E6329300ADE5B6 /* Article.swift in Sources */,
				DE321EB928E7282E006A74E0 /* FirstPageView.swift in Sources */,
				DE321EBB28E72ADD006A74E0 /* FirstWeSplitView.swift in Sources */,
				DE305EBB28F04137002FD76F /* URLLinkViewModifier.swift in Sources */,
				DE0E648028EEE4A300E916D2 /* FirstBetterRestView.swift in Sources */,
				DE305EBE28F04AC2002FD76F /* IVAModel.swift in Sources */,
				DE6F065028F42996003AEE6F /* ClassifierQuestionView.swift in Sources */,
				DE0E648228EEE67600E916D2 /* BetterRestProjectView.swift in Sources */,
				DE764C8928E6329300ADE5B6 /* ArticleListViewModel.swift in Sources */,
				DE0E649328F01F9000E916D2 /* GridViewModel.swift in Sources */,
				DEB3DB0B28F0CD1400B75DD1 /* ResultView.swift in Sources */,
				DEB3DB0428F096E000B75DD1 /* ClassifierViewModel.swift in Sources */,
				DE6F065828F5870D003AEE6F /* WordService.swift in Sources */,
				DE764C8628E6329300ADE5B6 /* Articles_Table_View.swift in Sources */,
				DEF4FBA228ECCCF400BDB191 /* ExplanationView.swift in Sources */,
				DE321EDE28EB441D006A74E0 /* GuessTheFlagProjectView.swift in Sources */,
				DEF4FB9728EC6B8600BDB191 /* GeometryReaderAnimationView.swift in Sources */,
				DE764C8328E6329300ADE5B6 /* ArticleView.swift in Sources */,
				DEB3DB0928F0B90100B75DD1 /* ResultViewModel.swift in Sources */,
				DE321EDA28EB42FC006A74E0 /* FirstGuessTheFlagView.swift in Sources */,
				DE305EC728F05FDB002FD76F /* GuessViewModel.swift in Sources */,
				DE305EB928F03FA8002FD76F /* CalculatorViewModel.swift in Sources */,
				DE305EC528F05D11002FD76F /* FlagModel.swift in Sources */,
				DE321EBD28E72B97006A74E0 /* ProjectListView.swift in Sources */,
				DE321EC328E7465D006A74E0 /* WeSplitProjectView.swift in Sources */,
				DE764C6B28E6324E00ADE5B6 /* AllProjectsApp.swift in Sources */,
				DEB3DB1528F41E3900B75DD1 /* AnimalClassifierView.swift in Sources */,
				DEF4FB9F28ECCB1800BDB191 /* FlagView.swift in Sources */,
				DEB3DB0228F0914600B75DD1 /* View.swift in Sources */,
				DEF4FB9128EC27DA00BDB191 /* FirstViewsAndModifiersView.swift in Sources */,
			);
			runOnlyForDeploymentPostprocessing = 0;
		};
/* End PBXSourcesBuildPhase section */

/* Begin XCBuildConfiguration section */
		DE764C7328E6324F00ADE5B6 /* Debug */ = {
			isa = XCBuildConfiguration;
			buildSettings = {
				ALWAYS_SEARCH_USER_PATHS = NO;
				CLANG_ANALYZER_NONNULL = YES;
				CLANG_ANALYZER_NUMBER_OBJECT_CONVERSION = YES_AGGRESSIVE;
				CLANG_CXX_LANGUAGE_STANDARD = "gnu++20";
				CLANG_ENABLE_MODULES = YES;
				CLANG_ENABLE_OBJC_ARC = YES;
				CLANG_ENABLE_OBJC_WEAK = YES;
				CLANG_WARN_BLOCK_CAPTURE_AUTORELEASING = YES;
				CLANG_WARN_BOOL_CONVERSION = YES;
				CLANG_WARN_COMMA = YES;
				CLANG_WARN_CONSTANT_CONVERSION = YES;
				CLANG_WARN_DEPRECATED_OBJC_IMPLEMENTATIONS = YES;
				CLANG_WARN_DIRECT_OBJC_ISA_USAGE = YES_ERROR;
				CLANG_WARN_DOCUMENTATION_COMMENTS = YES;
				CLANG_WARN_EMPTY_BODY = YES;
				CLANG_WARN_ENUM_CONVERSION = YES;
				CLANG_WARN_INFINITE_RECURSION = YES;
				CLANG_WARN_INT_CONVERSION = YES;
				CLANG_WARN_NON_LITERAL_NULL_CONVERSION = YES;
				CLANG_WARN_OBJC_IMPLICIT_RETAIN_SELF = YES;
				CLANG_WARN_OBJC_LITERAL_CONVERSION = YES;
				CLANG_WARN_OBJC_ROOT_CLASS = YES_ERROR;
				CLANG_WARN_QUOTED_INCLUDE_IN_FRAMEWORK_HEADER = YES;
				CLANG_WARN_RANGE_LOOP_ANALYSIS = YES;
				CLANG_WARN_STRICT_PROTOTYPES = YES;
				CLANG_WARN_SUSPICIOUS_MOVE = YES;
				CLANG_WARN_UNGUARDED_AVAILABILITY = YES_AGGRESSIVE;
				CLANG_WARN_UNREACHABLE_CODE = YES;
				CLANG_WARN__DUPLICATE_METHOD_MATCH = YES;
				COPY_PHASE_STRIP = NO;
				DEBUG_INFORMATION_FORMAT = dwarf;
				ENABLE_STRICT_OBJC_MSGSEND = YES;
				ENABLE_TESTABILITY = YES;
				GCC_C_LANGUAGE_STANDARD = gnu11;
				GCC_DYNAMIC_NO_PIC = NO;
				GCC_NO_COMMON_BLOCKS = YES;
				GCC_OPTIMIZATION_LEVEL = 0;
				GCC_PREPROCESSOR_DEFINITIONS = (
					"DEBUG=1",
					"$(inherited)",
				);
				GCC_WARN_64_TO_32_BIT_CONVERSION = YES;
				GCC_WARN_ABOUT_RETURN_TYPE = YES_ERROR;
				GCC_WARN_UNDECLARED_SELECTOR = YES;
				GCC_WARN_UNINITIALIZED_AUTOS = YES_AGGRESSIVE;
				GCC_WARN_UNUSED_FUNCTION = YES;
				GCC_WARN_UNUSED_VARIABLE = YES;
				IPHONEOS_DEPLOYMENT_TARGET = 16.0;
				MTL_ENABLE_DEBUG_INFO = INCLUDE_SOURCE;
				MTL_FAST_MATH = YES;
				ONLY_ACTIVE_ARCH = YES;
				SDKROOT = iphoneos;
				SWIFT_ACTIVE_COMPILATION_CONDITIONS = DEBUG;
				SWIFT_OPTIMIZATION_LEVEL = "-Onone";
			};
			name = Debug;
		};
		DE764C7428E6324F00ADE5B6 /* Release */ = {
			isa = XCBuildConfiguration;
			buildSettings = {
				ALWAYS_SEARCH_USER_PATHS = NO;
				CLANG_ANALYZER_NONNULL = YES;
				CLANG_ANALYZER_NUMBER_OBJECT_CONVERSION = YES_AGGRESSIVE;
				CLANG_CXX_LANGUAGE_STANDARD = "gnu++20";
				CLANG_ENABLE_MODULES = YES;
				CLANG_ENABLE_OBJC_ARC = YES;
				CLANG_ENABLE_OBJC_WEAK = YES;
				CLANG_WARN_BLOCK_CAPTURE_AUTORELEASING = YES;
				CLANG_WARN_BOOL_CONVERSION = YES;
				CLANG_WARN_COMMA = YES;
				CLANG_WARN_CONSTANT_CONVERSION = YES;
				CLANG_WARN_DEPRECATED_OBJC_IMPLEMENTATIONS = YES;
				CLANG_WARN_DIRECT_OBJC_ISA_USAGE = YES_ERROR;
				CLANG_WARN_DOCUMENTATION_COMMENTS = YES;
				CLANG_WARN_EMPTY_BODY = YES;
				CLANG_WARN_ENUM_CONVERSION = YES;
				CLANG_WARN_INFINITE_RECURSION = YES;
				CLANG_WARN_INT_CONVERSION = YES;
				CLANG_WARN_NON_LITERAL_NULL_CONVERSION = YES;
				CLANG_WARN_OBJC_IMPLICIT_RETAIN_SELF = YES;
				CLANG_WARN_OBJC_LITERAL_CONVERSION = YES;
				CLANG_WARN_OBJC_ROOT_CLASS = YES_ERROR;
				CLANG_WARN_QUOTED_INCLUDE_IN_FRAMEWORK_HEADER = YES;
				CLANG_WARN_RANGE_LOOP_ANALYSIS = YES;
				CLANG_WARN_STRICT_PROTOTYPES = YES;
				CLANG_WARN_SUSPICIOUS_MOVE = YES;
				CLANG_WARN_UNGUARDED_AVAILABILITY = YES_AGGRESSIVE;
				CLANG_WARN_UNREACHABLE_CODE = YES;
				CLANG_WARN__DUPLICATE_METHOD_MATCH = YES;
				COPY_PHASE_STRIP = NO;
				DEBUG_INFORMATION_FORMAT = "dwarf-with-dsym";
				ENABLE_NS_ASSERTIONS = NO;
				ENABLE_STRICT_OBJC_MSGSEND = YES;
				GCC_C_LANGUAGE_STANDARD = gnu11;
				GCC_NO_COMMON_BLOCKS = YES;
				GCC_WARN_64_TO_32_BIT_CONVERSION = YES;
				GCC_WARN_ABOUT_RETURN_TYPE = YES_ERROR;
				GCC_WARN_UNDECLARED_SELECTOR = YES;
				GCC_WARN_UNINITIALIZED_AUTOS = YES_AGGRESSIVE;
				GCC_WARN_UNUSED_FUNCTION = YES;
				GCC_WARN_UNUSED_VARIABLE = YES;
				IPHONEOS_DEPLOYMENT_TARGET = 16.0;
				MTL_ENABLE_DEBUG_INFO = NO;
				MTL_FAST_MATH = YES;
				SDKROOT = iphoneos;
				SWIFT_COMPILATION_MODE = wholemodule;
				SWIFT_OPTIMIZATION_LEVEL = "-O";
				VALIDATE_PRODUCT = YES;
			};
			name = Release;
		};
		DE764C7628E6324F00ADE5B6 /* Debug */ = {
			isa = XCBuildConfiguration;
			buildSettings = {
				ASSETCATALOG_COMPILER_APPICON_NAME = AppIcon;
				ASSETCATALOG_COMPILER_GLOBAL_ACCENT_COLOR_NAME = AccentColor;
				CODE_SIGN_STYLE = Automatic;
				CURRENT_PROJECT_VERSION = 1;
				DEVELOPMENT_ASSET_PATHS = "\"ProjectLibraryApp/Preview Content\"";
				ENABLE_PREVIEWS = YES;
				GENERATE_INFOPLIST_FILE = YES;
				INFOPLIST_KEY_UIApplicationSceneManifest_Generation = YES;
				INFOPLIST_KEY_UIApplicationSupportsIndirectInputEvents = YES;
				INFOPLIST_KEY_UILaunchScreen_Generation = YES;
				INFOPLIST_KEY_UISupportedInterfaceOrientations_iPad = "UIInterfaceOrientationPortrait UIInterfaceOrientationPortraitUpsideDown UIInterfaceOrientationLandscapeLeft UIInterfaceOrientationLandscapeRight";
				INFOPLIST_KEY_UISupportedInterfaceOrientations_iPhone = "UIInterfaceOrientationPortrait UIInterfaceOrientationLandscapeLeft UIInterfaceOrientationLandscapeRight";
				LD_RUNPATH_SEARCH_PATHS = (
					"$(inherited)",
					"@executable_path/Frameworks",
				);
				MARKETING_VERSION = 1.0;
				PRODUCT_BUNDLE_IDENTIFIER = "com.techeagle.ClimateArticlesOf2021FromNOAA-App";
				PRODUCT_NAME = "$(TARGET_NAME)";
				SWIFT_EMIT_LOC_STRINGS = YES;
				SWIFT_VERSION = 5.0;
				TARGETED_DEVICE_FAMILY = "1,2";
			};
			name = Debug;
		};
		DE764C7728E6324F00ADE5B6 /* Release */ = {
			isa = XCBuildConfiguration;
			buildSettings = {
				ASSETCATALOG_COMPILER_APPICON_NAME = AppIcon;
				ASSETCATALOG_COMPILER_GLOBAL_ACCENT_COLOR_NAME = AccentColor;
				CODE_SIGN_STYLE = Automatic;
				CURRENT_PROJECT_VERSION = 1;
				DEVELOPMENT_ASSET_PATHS = "\"ProjectLibraryApp/Preview Content\"";
				ENABLE_PREVIEWS = YES;
				GENERATE_INFOPLIST_FILE = YES;
				INFOPLIST_KEY_UIApplicationSceneManifest_Generation = YES;
				INFOPLIST_KEY_UIApplicationSupportsIndirectInputEvents = YES;
				INFOPLIST_KEY_UILaunchScreen_Generation = YES;
				INFOPLIST_KEY_UISupportedInterfaceOrientations_iPad = "UIInterfaceOrientationPortrait UIInterfaceOrientationPortraitUpsideDown UIInterfaceOrientationLandscapeLeft UIInterfaceOrientationLandscapeRight";
				INFOPLIST_KEY_UISupportedInterfaceOrientations_iPhone = "UIInterfaceOrientationPortrait UIInterfaceOrientationLandscapeLeft UIInterfaceOrientationLandscapeRight";
				LD_RUNPATH_SEARCH_PATHS = (
					"$(inherited)",
					"@executable_path/Frameworks",
				);
				MARKETING_VERSION = 1.0;
				PRODUCT_BUNDLE_IDENTIFIER = "com.techeagle.ClimateArticlesOf2021FromNOAA-App";
				PRODUCT_NAME = "$(TARGET_NAME)";
				SWIFT_EMIT_LOC_STRINGS = YES;
				SWIFT_VERSION = 5.0;
				TARGETED_DEVICE_FAMILY = "1,2";
			};
			name = Release;
		};
/* End XCBuildConfiguration section */

/* Begin XCConfigurationList section */
		DE764C6228E6324E00ADE5B6 /* Build configuration list for PBXProject "ProjectLibraryApp" */ = {
			isa = XCConfigurationList;
			buildConfigurations = (
				DE764C7328E6324F00ADE5B6 /* Debug */,
				DE764C7428E6324F00ADE5B6 /* Release */,
			);
			defaultConfigurationIsVisible = 0;
			defaultConfigurationName = Release;
		};
		DE764C7528E6324F00ADE5B6 /* Build configuration list for PBXNativeTarget "ProjectLibraryApp" */ = {
			isa = XCConfigurationList;
			buildConfigurations = (
				DE764C7628E6324F00ADE5B6 /* Debug */,
				DE764C7728E6324F00ADE5B6 /* Release */,
			);
			defaultConfigurationIsVisible = 0;
			defaultConfigurationName = Release;
		};
/* End XCConfigurationList section */
	};
	rootObject = DE764C5F28E6324E00ADE5B6 /* Project object */;
}
