// !$*UTF8*$!
{
	archiveVersion = 1;
	classes = {
	};
	objectVersion = 56;
	objects = {

/* Begin PBXBuildFile section */
		DE321EB928E7282E006A74E0 /* FirstPageView.swift in Sources */ = {isa = PBXBuildFile; fileRef = DE321EB828E7282E006A74E0 /* FirstPageView.swift */; };
		DE321EBB28E72ADD006A74E0 /* FirstWeSplitView.swift in Sources */ = {isa = PBXBuildFile; fileRef = DE321EBA28E72ADD006A74E0 /* FirstWeSplitView.swift */; };
		DE321EBD28E72B97006A74E0 /* ProjectListView.swift in Sources */ = {isa = PBXBuildFile; fileRef = DE321EBC28E72B97006A74E0 /* ProjectListView.swift */; };
		DE321EBF28E72C60006A74E0 /* HomeView.swift in Sources */ = {isa = PBXBuildFile; fileRef = DE321EBE28E72C60006A74E0 /* HomeView.swift */; };
		DE321EC128E745E7006A74E0 /* ExplanationWeSplitView.swift in Sources */ = {isa = PBXBuildFile; fileRef = DE321EC028E745E7006A74E0 /* ExplanationWeSplitView.swift */; };
		DE321EC328E7465D006A74E0 /* WeSplitProjectView.swift in Sources */ = {isa = PBXBuildFile; fileRef = DE321EC228E7465D006A74E0 /* WeSplitProjectView.swift */; };
		DE321EDA28EB42FC006A74E0 /* FirstGuessTheFlagView.swift in Sources */ = {isa = PBXBuildFile; fileRef = DE321ED928EB42FC006A74E0 /* FirstGuessTheFlagView.swift */; };
		DE321EDC28EB4408006A74E0 /* ExplanationGuessTheFlagView.swift in Sources */ = {isa = PBXBuildFile; fileRef = DE321EDB28EB4408006A74E0 /* ExplanationGuessTheFlagView.swift */; };
		DE321EDE28EB441D006A74E0 /* GuessTheFlagProjectView.swift in Sources */ = {isa = PBXBuildFile; fileRef = DE321EDD28EB441D006A74E0 /* GuessTheFlagProjectView.swift */; };
		DE764C6B28E6324E00ADE5B6 /* AllProjectsApp.swift in Sources */ = {isa = PBXBuildFile; fileRef = DE764C6A28E6324E00ADE5B6 /* AllProjectsApp.swift */; };
		DE764C6F28E6324F00ADE5B6 /* Assets.xcassets in Resources */ = {isa = PBXBuildFile; fileRef = DE764C6E28E6324F00ADE5B6 /* Assets.xcassets */; };
		DE764C7228E6324F00ADE5B6 /* Preview Assets.xcassets in Resources */ = {isa = PBXBuildFile; fileRef = DE764C7128E6324F00ADE5B6 /* Preview Assets.xcassets */; };
		DE764C8328E6329300ADE5B6 /* ArticleView.swift in Sources */ = {isa = PBXBuildFile; fileRef = DE764C7928E6329300ADE5B6 /* ArticleView.swift */; };
		DE764C8428E6329300ADE5B6 /* Articles_Tab_View.swift in Sources */ = {isa = PBXBuildFile; fileRef = DE764C7A28E6329300ADE5B6 /* Articles_Tab_View.swift */; };
		DE764C8528E6329300ADE5B6 /* ExplanationClimateArticlesView.swift in Sources */ = {isa = PBXBuildFile; fileRef = DE764C7B28E6329300ADE5B6 /* ExplanationClimateArticlesView.swift */; };
		DE764C8628E6329300ADE5B6 /* Articles_Table_View.swift in Sources */ = {isa = PBXBuildFile; fileRef = DE764C7C28E6329300ADE5B6 /* Articles_Table_View.swift */; };
		DE764C8728E6329300ADE5B6 /* ListCellView.swift in Sources */ = {isa = PBXBuildFile; fileRef = DE764C7D28E6329300ADE5B6 /* ListCellView.swift */; };
		DE764C8828E6329300ADE5B6 /* FirstClimateArticlesView.swift in Sources */ = {isa = PBXBuildFile; fileRef = DE764C7E28E6329300ADE5B6 /* FirstClimateArticlesView.swift */; };
		DE764C8928E6329300ADE5B6 /* ArticleListViewModel.swift in Sources */ = {isa = PBXBuildFile; fileRef = DE764C8028E6329300ADE5B6 /* ArticleListViewModel.swift */; };
		DE764C8A28E6329300ADE5B6 /* Article.swift in Sources */ = {isa = PBXBuildFile; fileRef = DE764C8228E6329300ADE5B6 /* Article.swift */; };
/* End PBXBuildFile section */

/* Begin PBXFileReference section */
		DE321EB828E7282E006A74E0 /* FirstPageView.swift */ = {isa = PBXFileReference; lastKnownFileType = sourcecode.swift; path = FirstPageView.swift; sourceTree = "<group>"; };
		DE321EBA28E72ADD006A74E0 /* FirstWeSplitView.swift */ = {isa = PBXFileReference; lastKnownFileType = sourcecode.swift; path = FirstWeSplitView.swift; sourceTree = "<group>"; };
		DE321EBC28E72B97006A74E0 /* ProjectListView.swift */ = {isa = PBXFileReference; lastKnownFileType = sourcecode.swift; path = ProjectListView.swift; sourceTree = "<group>"; };
		DE321EBE28E72C60006A74E0 /* HomeView.swift */ = {isa = PBXFileReference; lastKnownFileType = sourcecode.swift; path = HomeView.swift; sourceTree = "<group>"; };
		DE321EC028E745E7006A74E0 /* ExplanationWeSplitView.swift */ = {isa = PBXFileReference; lastKnownFileType = sourcecode.swift; path = ExplanationWeSplitView.swift; sourceTree = "<group>"; };
		DE321EC228E7465D006A74E0 /* WeSplitProjectView.swift */ = {isa = PBXFileReference; lastKnownFileType = sourcecode.swift; path = WeSplitProjectView.swift; sourceTree = "<group>"; };
		DE321ED928EB42FC006A74E0 /* FirstGuessTheFlagView.swift */ = {isa = PBXFileReference; lastKnownFileType = sourcecode.swift; path = FirstGuessTheFlagView.swift; sourceTree = "<group>"; };
		DE321EDB28EB4408006A74E0 /* ExplanationGuessTheFlagView.swift */ = {isa = PBXFileReference; lastKnownFileType = sourcecode.swift; path = ExplanationGuessTheFlagView.swift; sourceTree = "<group>"; };
		DE321EDD28EB441D006A74E0 /* GuessTheFlagProjectView.swift */ = {isa = PBXFileReference; lastKnownFileType = sourcecode.swift; path = GuessTheFlagProjectView.swift; sourceTree = "<group>"; };
		DE764C6728E6324E00ADE5B6 /* ProjectLibraryApp.app */ = {isa = PBXFileReference; explicitFileType = wrapper.application; includeInIndex = 0; path = ProjectLibraryApp.app; sourceTree = BUILT_PRODUCTS_DIR; };
		DE764C6A28E6324E00ADE5B6 /* AllProjectsApp.swift */ = {isa = PBXFileReference; lastKnownFileType = sourcecode.swift; path = AllProjectsApp.swift; sourceTree = "<group>"; };
		DE764C6E28E6324F00ADE5B6 /* Assets.xcassets */ = {isa = PBXFileReference; lastKnownFileType = folder.assetcatalog; path = Assets.xcassets; sourceTree = "<group>"; };
		DE764C7128E6324F00ADE5B6 /* Preview Assets.xcassets */ = {isa = PBXFileReference; lastKnownFileType = folder.assetcatalog; path = "Preview Assets.xcassets"; sourceTree = "<group>"; };
		DE764C7928E6329300ADE5B6 /* ArticleView.swift */ = {isa = PBXFileReference; fileEncoding = 4; lastKnownFileType = sourcecode.swift; path = ArticleView.swift; sourceTree = "<group>"; };
		DE764C7A28E6329300ADE5B6 /* Articles_Tab_View.swift */ = {isa = PBXFileReference; fileEncoding = 4; lastKnownFileType = sourcecode.swift; path = Articles_Tab_View.swift; sourceTree = "<group>"; };
		DE764C7B28E6329300ADE5B6 /* ExplanationClimateArticlesView.swift */ = {isa = PBXFileReference; fileEncoding = 4; lastKnownFileType = sourcecode.swift; path = ExplanationClimateArticlesView.swift; sourceTree = "<group>"; };
		DE764C7C28E6329300ADE5B6 /* Articles_Table_View.swift */ = {isa = PBXFileReference; fileEncoding = 4; lastKnownFileType = sourcecode.swift; path = Articles_Table_View.swift; sourceTree = "<group>"; };
		DE764C7D28E6329300ADE5B6 /* ListCellView.swift */ = {isa = PBXFileReference; fileEncoding = 4; lastKnownFileType = sourcecode.swift; path = ListCellView.swift; sourceTree = "<group>"; };
		DE764C7E28E6329300ADE5B6 /* FirstClimateArticlesView.swift */ = {isa = PBXFileReference; fileEncoding = 4; indentWidth = 4; lastKnownFileType = sourcecode.swift; path = FirstClimateArticlesView.swift; sourceTree = "<group>"; };
		DE764C8028E6329300ADE5B6 /* ArticleListViewModel.swift */ = {isa = PBXFileReference; fileEncoding = 4; lastKnownFileType = sourcecode.swift; path = ArticleListViewModel.swift; sourceTree = "<group>"; };
		DE764C8228E6329300ADE5B6 /* Article.swift */ = {isa = PBXFileReference; fileEncoding = 4; lastKnownFileType = sourcecode.swift; path = Article.swift; sourceTree = "<group>"; };
/* End PBXFileReference section */

/* Begin PBXFrameworksBuildPhase section */
		DE764C6428E6324E00ADE5B6 /* Frameworks */ = {
			isa = PBXFrameworksBuildPhase;
			buildActionMask = 2147483647;
			files = (
			);
			runOnlyForDeploymentPostprocessing = 0;
		};
/* End PBXFrameworksBuildPhase section */

/* Begin PBXGroup section */
		DE321EB628E72742006A74E0 /* ClimateArticles */ = {
			isa = PBXGroup;
			children = (
				DE764C7828E6329300ADE5B6 /* View */,
				DE764C7F28E6329300ADE5B6 /* ViewModel */,
				DE764C8128E6329300ADE5B6 /* Model */,
			);
			path = ClimateArticles;
			sourceTree = "<group>";
		};
		DE321EB728E72795006A74E0 /* WeSplit */ = {
			isa = PBXGroup;
			children = (
				DE321EBA28E72ADD006A74E0 /* FirstWeSplitView.swift */,
				DE321EC028E745E7006A74E0 /* ExplanationWeSplitView.swift */,
				DE321EC228E7465D006A74E0 /* WeSplitProjectView.swift */,
			);
			path = WeSplit;
			sourceTree = "<group>";
		};
		DE321ED828EB3824006A74E0 /* GuessTheFlag */ = {
			isa = PBXGroup;
			children = (
				DE321ED928EB42FC006A74E0 /* FirstGuessTheFlagView.swift */,
				DE321EDB28EB4408006A74E0 /* ExplanationGuessTheFlagView.swift */,
				DE321EDD28EB441D006A74E0 /* GuessTheFlagProjectView.swift */,
			);
			path = GuessTheFlag;
			sourceTree = "<group>";
		};
		DE764C5E28E6324E00ADE5B6 = {
			isa = PBXGroup;
			children = (
				DE764C6928E6324E00ADE5B6 /* ProjectLibraryApp */,
				DE764C6828E6324E00ADE5B6 /* Products */,
			);
			sourceTree = "<group>";
		};
		DE764C6828E6324E00ADE5B6 /* Products */ = {
			isa = PBXGroup;
			children = (
				DE764C6728E6324E00ADE5B6 /* ProjectLibraryApp.app */,
			);
			name = Products;
			sourceTree = "<group>";
		};
		DE764C6928E6324E00ADE5B6 /* ProjectLibraryApp */ = {
			isa = PBXGroup;
			children = (
				DE321ED828EB3824006A74E0 /* GuessTheFlag */,
				DE321EB728E72795006A74E0 /* WeSplit */,
				DE321EB628E72742006A74E0 /* ClimateArticles */,
				DE321EBE28E72C60006A74E0 /* HomeView.swift */,
				DE321EBC28E72B97006A74E0 /* ProjectListView.swift */,
				DE321EB828E7282E006A74E0 /* FirstPageView.swift */,
				DE764C6A28E6324E00ADE5B6 /* AllProjectsApp.swift */,
				DE764C6E28E6324F00ADE5B6 /* Assets.xcassets */,
				DE764C7028E6324F00ADE5B6 /* Preview Content */,
			);
			path = ProjectLibraryApp;
			sourceTree = "<group>";
		};
		DE764C7028E6324F00ADE5B6 /* Preview Content */ = {
			isa = PBXGroup;
			children = (
				DE764C7128E6324F00ADE5B6 /* Preview Assets.xcassets */,
			);
			path = "Preview Content";
			sourceTree = "<group>";
		};
		DE764C7828E6329300ADE5B6 /* View */ = {
			isa = PBXGroup;
			children = (
				DE764C7928E6329300ADE5B6 /* ArticleView.swift */,
				DE764C7A28E6329300ADE5B6 /* Articles_Tab_View.swift */,
				DE764C7B28E6329300ADE5B6 /* ExplanationClimateArticlesView.swift */,
				DE764C7C28E6329300ADE5B6 /* Articles_Table_View.swift */,
				DE764C7D28E6329300ADE5B6 /* ListCellView.swift */,
				DE764C7E28E6329300ADE5B6 /* FirstClimateArticlesView.swift */,
			);
			path = View;
			sourceTree = "<group>";
		};
		DE764C7F28E6329300ADE5B6 /* ViewModel */ = {
			isa = PBXGroup;
			children = (
				DE764C8028E6329300ADE5B6 /* ArticleListViewModel.swift */,
			);
			path = ViewModel;
			sourceTree = "<group>";
		};
		DE764C8128E6329300ADE5B6 /* Model */ = {
			isa = PBXGroup;
			children = (
				DE764C8228E6329300ADE5B6 /* Article.swift */,
			);
			path = Model;
			sourceTree = "<group>";
		};
/* End PBXGroup section */

/* Begin PBXNativeTarget section */
		DE764C6628E6324E00ADE5B6 /* ProjectLibraryApp */ = {
			isa = PBXNativeTarget;
			buildConfigurationList = DE764C7528E6324F00ADE5B6 /* Build configuration list for PBXNativeTarget "ProjectLibraryApp" */;
			buildPhases = (
				DE764C6328E6324E00ADE5B6 /* Sources */,
				DE764C6428E6324E00ADE5B6 /* Frameworks */,
				DE764C6528E6324E00ADE5B6 /* Resources */,
			);
			buildRules = (
			);
			dependencies = (
			);
			name = ProjectLibraryApp;
			productName = ClimateArticlesOf2021FromNOAA_App;
			productReference = DE764C6728E6324E00ADE5B6 /* ProjectLibraryApp.app */;
			productType = "com.apple.product-type.application";
		};
/* End PBXNativeTarget section */

/* Begin PBXProject section */
		DE764C5F28E6324E00ADE5B6 /* Project object */ = {
			isa = PBXProject;
			attributes = {
				BuildIndependentTargetsInParallel = 1;
				LastSwiftUpdateCheck = 1400;
				LastUpgradeCheck = 1400;
				TargetAttributes = {
					DE764C6628E6324E00ADE5B6 = {
						CreatedOnToolsVersion = 14.0;
					};
				};
			};
			buildConfigurationList = DE764C6228E6324E00ADE5B6 /* Build configuration list for PBXProject "ProjectLibraryApp" */;
			compatibilityVersion = "Xcode 14.0";
			developmentRegion = en;
			hasScannedForEncodings = 0;
			knownRegions = (
				en,
				Base,
			);
			mainGroup = DE764C5E28E6324E00ADE5B6;
			productRefGroup = DE764C6828E6324E00ADE5B6 /* Products */;
			projectDirPath = "";
			projectRoot = "";
			targets = (
				DE764C6628E6324E00ADE5B6 /* ProjectLibraryApp */,
			);
		};
/* End PBXProject section */

/* Begin PBXResourcesBuildPhase section */
		DE764C6528E6324E00ADE5B6 /* Resources */ = {
			isa = PBXResourcesBuildPhase;
			buildActionMask = 2147483647;
			files = (
				DE764C7228E6324F00ADE5B6 /* Preview Assets.xcassets in Resources */,
				DE764C6F28E6324F00ADE5B6 /* Assets.xcassets in Resources */,
			);
			runOnlyForDeploymentPostprocessing = 0;
		};
/* End PBXResourcesBuildPhase section */

/* Begin PBXSourcesBuildPhase section */
		DE764C6328E6324E00ADE5B6 /* Sources */ = {
			isa = PBXSourcesBuildPhase;
			buildActionMask = 2147483647;
			files = (
				DE764C8728E6329300ADE5B6 /* ListCellView.swift in Sources */,
				DE321EC128E745E7006A74E0 /* ExplanationWeSplitView.swift in Sources */,
				DE321EBF28E72C60006A74E0 /* HomeView.swift in Sources */,
				DE764C8428E6329300ADE5B6 /* Articles_Tab_View.swift in Sources */,
				DE764C8828E6329300ADE5B6 /* FirstClimateArticlesView.swift in Sources */,
				DE764C8A28E6329300ADE5B6 /* Article.swift in Sources */,
				DE321EB928E7282E006A74E0 /* FirstPageView.swift in Sources */,
				DE321EBB28E72ADD006A74E0 /* FirstWeSplitView.swift in Sources */,
				DE764C8928E6329300ADE5B6 /* ArticleListViewModel.swift in Sources */,
				DE764C8628E6329300ADE5B6 /* Articles_Table_View.swift in Sources */,
				DE321EDE28EB441D006A74E0 /* GuessTheFlagProjectView.swift in Sources */,
				DE321EDC28EB4408006A74E0 /* ExplanationGuessTheFlagView.swift in Sources */,
				DE764C8328E6329300ADE5B6 /* ArticleView.swift in Sources */,
				DE321EDA28EB42FC006A74E0 /* FirstGuessTheFlagView.swift in Sources */,
				DE321EBD28E72B97006A74E0 /* ProjectListView.swift in Sources */,
				DE764C8528E6329300ADE5B6 /* ExplanationClimateArticlesView.swift in Sources */,
				DE321EC328E7465D006A74E0 /* WeSplitProjectView.swift in Sources */,
				DE764C6B28E6324E00ADE5B6 /* AllProjectsApp.swift in Sources */,
			);
			runOnlyForDeploymentPostprocessing = 0;
		};
/* End PBXSourcesBuildPhase section */

/* Begin XCBuildConfiguration section */
		DE764C7328E6324F00ADE5B6 /* Debug */ = {
			isa = XCBuildConfiguration;
			buildSettings = {
				ALWAYS_SEARCH_USER_PATHS = NO;
				CLANG_ANALYZER_NONNULL = YES;
				CLANG_ANALYZER_NUMBER_OBJECT_CONVERSION = YES_AGGRESSIVE;
				CLANG_CXX_LANGUAGE_STANDARD = "gnu++20";
				CLANG_ENABLE_MODULES = YES;
				CLANG_ENABLE_OBJC_ARC = YES;
				CLANG_ENABLE_OBJC_WEAK = YES;
				CLANG_WARN_BLOCK_CAPTURE_AUTORELEASING = YES;
				CLANG_WARN_BOOL_CONVERSION = YES;
				CLANG_WARN_COMMA = YES;
				CLANG_WARN_CONSTANT_CONVERSION = YES;
				CLANG_WARN_DEPRECATED_OBJC_IMPLEMENTATIONS = YES;
				CLANG_WARN_DIRECT_OBJC_ISA_USAGE = YES_ERROR;
				CLANG_WARN_DOCUMENTATION_COMMENTS = YES;
				CLANG_WARN_EMPTY_BODY = YES;
				CLANG_WARN_ENUM_CONVERSION = YES;
				CLANG_WARN_INFINITE_RECURSION = YES;
				CLANG_WARN_INT_CONVERSION = YES;
				CLANG_WARN_NON_LITERAL_NULL_CONVERSION = YES;
				CLANG_WARN_OBJC_IMPLICIT_RETAIN_SELF = YES;
				CLANG_WARN_OBJC_LITERAL_CONVERSION = YES;
				CLANG_WARN_OBJC_ROOT_CLASS = YES_ERROR;
				CLANG_WARN_QUOTED_INCLUDE_IN_FRAMEWORK_HEADER = YES;
				CLANG_WARN_RANGE_LOOP_ANALYSIS = YES;
				CLANG_WARN_STRICT_PROTOTYPES = YES;
				CLANG_WARN_SUSPICIOUS_MOVE = YES;
				CLANG_WARN_UNGUARDED_AVAILABILITY = YES_AGGRESSIVE;
				CLANG_WARN_UNREACHABLE_CODE = YES;
				CLANG_WARN__DUPLICATE_METHOD_MATCH = YES;
				COPY_PHASE_STRIP = NO;
				DEBUG_INFORMATION_FORMAT = dwarf;
				ENABLE_STRICT_OBJC_MSGSEND = YES;
				ENABLE_TESTABILITY = YES;
				GCC_C_LANGUAGE_STANDARD = gnu11;
				GCC_DYNAMIC_NO_PIC = NO;
				GCC_NO_COMMON_BLOCKS = YES;
				GCC_OPTIMIZATION_LEVEL = 0;
				GCC_PREPROCESSOR_DEFINITIONS = (
					"DEBUG=1",
					"$(inherited)",
				);
				GCC_WARN_64_TO_32_BIT_CONVERSION = YES;
				GCC_WARN_ABOUT_RETURN_TYPE = YES_ERROR;
				GCC_WARN_UNDECLARED_SELECTOR = YES;
				GCC_WARN_UNINITIALIZED_AUTOS = YES_AGGRESSIVE;
				GCC_WARN_UNUSED_FUNCTION = YES;
				GCC_WARN_UNUSED_VARIABLE = YES;
				IPHONEOS_DEPLOYMENT_TARGET = 16.0;
				MTL_ENABLE_DEBUG_INFO = INCLUDE_SOURCE;
				MTL_FAST_MATH = YES;
				ONLY_ACTIVE_ARCH = YES;
				SDKROOT = iphoneos;
				SWIFT_ACTIVE_COMPILATION_CONDITIONS = DEBUG;
				SWIFT_OPTIMIZATION_LEVEL = "-Onone";
			};
			name = Debug;
		};
		DE764C7428E6324F00ADE5B6 /* Release */ = {
			isa = XCBuildConfiguration;
			buildSettings = {
				ALWAYS_SEARCH_USER_PATHS = NO;
				CLANG_ANALYZER_NONNULL = YES;
				CLANG_ANALYZER_NUMBER_OBJECT_CONVERSION = YES_AGGRESSIVE;
				CLANG_CXX_LANGUAGE_STANDARD = "gnu++20";
				CLANG_ENABLE_MODULES = YES;
				CLANG_ENABLE_OBJC_ARC = YES;
				CLANG_ENABLE_OBJC_WEAK = YES;
				CLANG_WARN_BLOCK_CAPTURE_AUTORELEASING = YES;
				CLANG_WARN_BOOL_CONVERSION = YES;
				CLANG_WARN_COMMA = YES;
				CLANG_WARN_CONSTANT_CONVERSION = YES;
				CLANG_WARN_DEPRECATED_OBJC_IMPLEMENTATIONS = YES;
				CLANG_WARN_DIRECT_OBJC_ISA_USAGE = YES_ERROR;
				CLANG_WARN_DOCUMENTATION_COMMENTS = YES;
				CLANG_WARN_EMPTY_BODY = YES;
				CLANG_WARN_ENUM_CONVERSION = YES;
				CLANG_WARN_INFINITE_RECURSION = YES;
				CLANG_WARN_INT_CONVERSION = YES;
				CLANG_WARN_NON_LITERAL_NULL_CONVERSION = YES;
				CLANG_WARN_OBJC_IMPLICIT_RETAIN_SELF = YES;
				CLANG_WARN_OBJC_LITERAL_CONVERSION = YES;
				CLANG_WARN_OBJC_ROOT_CLASS = YES_ERROR;
				CLANG_WARN_QUOTED_INCLUDE_IN_FRAMEWORK_HEADER = YES;
				CLANG_WARN_RANGE_LOOP_ANALYSIS = YES;
				CLANG_WARN_STRICT_PROTOTYPES = YES;
				CLANG_WARN_SUSPICIOUS_MOVE = YES;
				CLANG_WARN_UNGUARDED_AVAILABILITY = YES_AGGRESSIVE;
				CLANG_WARN_UNREACHABLE_CODE = YES;
				CLANG_WARN__DUPLICATE_METHOD_MATCH = YES;
				COPY_PHASE_STRIP = NO;
				DEBUG_INFORMATION_FORMAT = "dwarf-with-dsym";
				ENABLE_NS_ASSERTIONS = NO;
				ENABLE_STRICT_OBJC_MSGSEND = YES;
				GCC_C_LANGUAGE_STANDARD = gnu11;
				GCC_NO_COMMON_BLOCKS = YES;
				GCC_WARN_64_TO_32_BIT_CONVERSION = YES;
				GCC_WARN_ABOUT_RETURN_TYPE = YES_ERROR;
				GCC_WARN_UNDECLARED_SELECTOR = YES;
				GCC_WARN_UNINITIALIZED_AUTOS = YES_AGGRESSIVE;
				GCC_WARN_UNUSED_FUNCTION = YES;
				GCC_WARN_UNUSED_VARIABLE = YES;
				IPHONEOS_DEPLOYMENT_TARGET = 16.0;
				MTL_ENABLE_DEBUG_INFO = NO;
				MTL_FAST_MATH = YES;
				SDKROOT = iphoneos;
				SWIFT_COMPILATION_MODE = wholemodule;
				SWIFT_OPTIMIZATION_LEVEL = "-O";
				VALIDATE_PRODUCT = YES;
			};
			name = Release;
		};
		DE764C7628E6324F00ADE5B6 /* Debug */ = {
			isa = XCBuildConfiguration;
			buildSettings = {
				ASSETCATALOG_COMPILER_APPICON_NAME = AppIcon;
				ASSETCATALOG_COMPILER_GLOBAL_ACCENT_COLOR_NAME = AccentColor;
				CODE_SIGN_STYLE = Automatic;
				CURRENT_PROJECT_VERSION = 1;
				DEVELOPMENT_ASSET_PATHS = "\"ProjectLibraryApp/Preview Content\"";
				ENABLE_PREVIEWS = YES;
				GENERATE_INFOPLIST_FILE = YES;
				INFOPLIST_KEY_UIApplicationSceneManifest_Generation = YES;
				INFOPLIST_KEY_UIApplicationSupportsIndirectInputEvents = YES;
				INFOPLIST_KEY_UILaunchScreen_Generation = YES;
				INFOPLIST_KEY_UISupportedInterfaceOrientations_iPad = "UIInterfaceOrientationPortrait UIInterfaceOrientationPortraitUpsideDown UIInterfaceOrientationLandscapeLeft UIInterfaceOrientationLandscapeRight";
				INFOPLIST_KEY_UISupportedInterfaceOrientations_iPhone = "UIInterfaceOrientationPortrait UIInterfaceOrientationLandscapeLeft UIInterfaceOrientationLandscapeRight";
				LD_RUNPATH_SEARCH_PATHS = (
					"$(inherited)",
					"@executable_path/Frameworks",
				);
				MARKETING_VERSION = 1.0;
				PRODUCT_BUNDLE_IDENTIFIER = "com.techeagle.ClimateArticlesOf2021FromNOAA-App";
				PRODUCT_NAME = "$(TARGET_NAME)";
				SWIFT_EMIT_LOC_STRINGS = YES;
				SWIFT_VERSION = 5.0;
				TARGETED_DEVICE_FAMILY = "1,2";
			};
			name = Debug;
		};
		DE764C7728E6324F00ADE5B6 /* Release */ = {
			isa = XCBuildConfiguration;
			buildSettings = {
				ASSETCATALOG_COMPILER_APPICON_NAME = AppIcon;
				ASSETCATALOG_COMPILER_GLOBAL_ACCENT_COLOR_NAME = AccentColor;
				CODE_SIGN_STYLE = Automatic;
				CURRENT_PROJECT_VERSION = 1;
				DEVELOPMENT_ASSET_PATHS = "\"ProjectLibraryApp/Preview Content\"";
				ENABLE_PREVIEWS = YES;
				GENERATE_INFOPLIST_FILE = YES;
				INFOPLIST_KEY_UIApplicationSceneManifest_Generation = YES;
				INFOPLIST_KEY_UIApplicationSupportsIndirectInputEvents = YES;
				INFOPLIST_KEY_UILaunchScreen_Generation = YES;
				INFOPLIST_KEY_UISupportedInterfaceOrientations_iPad = "UIInterfaceOrientationPortrait UIInterfaceOrientationPortraitUpsideDown UIInterfaceOrientationLandscapeLeft UIInterfaceOrientationLandscapeRight";
				INFOPLIST_KEY_UISupportedInterfaceOrientations_iPhone = "UIInterfaceOrientationPortrait UIInterfaceOrientationLandscapeLeft UIInterfaceOrientationLandscapeRight";
				LD_RUNPATH_SEARCH_PATHS = (
					"$(inherited)",
					"@executable_path/Frameworks",
				);
				MARKETING_VERSION = 1.0;
				PRODUCT_BUNDLE_IDENTIFIER = "com.techeagle.ClimateArticlesOf2021FromNOAA-App";
				PRODUCT_NAME = "$(TARGET_NAME)";
				SWIFT_EMIT_LOC_STRINGS = YES;
				SWIFT_VERSION = 5.0;
				TARGETED_DEVICE_FAMILY = "1,2";
			};
			name = Release;
		};
/* End XCBuildConfiguration section */

/* Begin XCConfigurationList section */
		DE764C6228E6324E00ADE5B6 /* Build configuration list for PBXProject "ProjectLibraryApp" */ = {
			isa = XCConfigurationList;
			buildConfigurations = (
				DE764C7328E6324F00ADE5B6 /* Debug */,
				DE764C7428E6324F00ADE5B6 /* Release */,
			);
			defaultConfigurationIsVisible = 0;
			defaultConfigurationName = Release;
		};
		DE764C7528E6324F00ADE5B6 /* Build configuration list for PBXNativeTarget "ProjectLibraryApp" */ = {
			isa = XCConfigurationList;
			buildConfigurations = (
				DE764C7628E6324F00ADE5B6 /* Debug */,
				DE764C7728E6324F00ADE5B6 /* Release */,
			);
			defaultConfigurationIsVisible = 0;
			defaultConfigurationName = Release;
		};
/* End XCConfigurationList section */
	};
	rootObject = DE764C5F28E6324E00ADE5B6 /* Project object */;
}
